
Microsoft Visual Studio Solution File, Format Version 12.00
# Visual Studio Version 16
VisualStudioVersion = 16.0.29230.47
MinimumVisualStudioVersion = 10.0.40219.1
Project("{2150E333-8FDC-42A3-9474-1A3956D46DE8}") = "Praktikum", "Praktikum", "{EF00EBA2-07A1-452C-8F73-6A44BE7A3932}"
EndProject
Project("{8BC9CEB8-8B4A-11D0-8D11-00A0C91BC942}") = "INF 2.01", "..\INF-02.05\INF-02.05\INF-02.01.vcxproj", "{F897126B-3030-46EA-9916-A54AC15D2D48}"
EndProject
Project("{8BC9CEB8-8B4A-11D0-8D11-00A0C91BC942}") = "INF 2.02", "..\INF 2.02\INF 2.02\INF 2.02.vcxproj", "{5CC185C2-0292-49AA-A5A7-55F6A86D94A0}"
EndProject
Project("{8BC9CEB8-8B4A-11D0-8D11-00A0C91BC942}") = "INF 2.03", "..\INF 2.03\INF 2.03\INF 2.03.vcxproj", "{14B6308C-05A5-4AF1-9E10-E67080F1B55D}"
EndProject
Project("{8BC9CEB8-8B4A-11D0-8D11-00A0C91BC942}") = "INF 2.05", "..\INF 2.05\INF 2.05\INF 2.05.vcxproj", "{7979EB0D-DBC7-4466-AF91-0BC658CF4CF1}"
EndProject
Project("{2150E333-8FDC-42A3-9474-1A3956D46DE8}") = "Offline", "Offline", "{01DE9956-5576-4748-B1CC-8009E323C412}"
EndProject
Project("{8BC9CEB8-8B4A-11D0-8D11-00A0C91BC942}") = "Pflicht-Offline-Aufgabe 02-01", "..\Pflicht-Offline-Aufgabe 02-01\Pflicht-Offline-Aufgabe 02-01\Pflicht-Offline-Aufgabe 02-01.vcxproj", "{8B6E9AB7-2D03-4F27-B339-1B28CE7FD735}"
EndProject
Project("{8BC9CEB8-8B4A-11D0-8D11-00A0C91BC942}") = "Pflicht-Offline-Aufgabe 02-02", "..\Pflicht-Offline-Aufgabe 02-02\Pflicht-Offline-Aufgabe 02-02\Pflicht-Offline-Aufgabe 02-02.vcxproj", "{4424F2DF-B32C-4521-87A8-7A16A0799C04}"
EndProject
Project("{8BC9CEB8-8B4A-11D0-8D11-00A0C91BC942}") = "Pflicht-Offline-Aufgabe 01-INF", "..\Pflicht-Offline-Aufgabe O 01-INF\Pflicht-Offline-Aufgabe O 01-INF\Pflicht-Offline-Aufgabe O 01-INF.vcxproj", "{F0764FE8-5878-4D89-A9FA-CABB0B6984F9}"
EndProject
Project("{8BC9CEB8-8B4A-11D0-8D11-00A0C91BC942}") = "Freiwillige Offline-Aufgabe 02-03", "..\Freiwillige Offline-Aufgabe 02-03\Freiwillige Offline-Aufgabe 02-03\Freiwillige Offline-Aufgabe 02-03.vcxproj", "{5E941C40-6A35-4CE1-A808-1B7EED7512B6}"
EndProject
Project("{8BC9CEB8-8B4A-11D0-8D11-00A0C91BC942}") = "Freiwillige Offline-Aufgabe 02-04", "..\Freiwillige Offline-Aufgabe 02-04\Freiwillige Offline-Aufgabe 02-04\Freiwillige Offline-Aufgabe 02-04.vcxproj", "{C0671B24-C91D-4854-9747-CD7956904C27}"
EndProject
Project("{8BC9CEB8-8B4A-11D0-8D11-00A0C91BC942}") = "Freiwillige Offline-Aufgabe O 02-05", "..\Freiwillige Offline-Aufgabe O 02-05\Freiwillige Offline-Aufgabe O 02-05\Freiwillige Offline-Aufgabe O 02-05.vcxproj", "{07C6C025-BE99-4290-A4C3-A6249F3B00F2}"
EndProject
Project("{8BC9CEB8-8B4A-11D0-8D11-00A0C91BC942}") = "INF 2.04", "INF 2.04\INF 2.04.vcxproj", "{67058B82-0DE2-4116-910A-C66F3786E234}"
EndProject
Project("{8BC9CEB8-8B4A-11D0-8D11-00A0C91BC942}") = "INF-03.01", "INF-03.01\INF-03.01.vcxproj", "{A1DFF102-43E8-49D1-B87E-90372EF2C170}"
EndProject
Project("{8BC9CEB8-8B4A-11D0-8D11-00A0C91BC942}") = "INF-03.02", "INF-03.02\INF-03.02.vcxproj", "{596C7407-F735-4B47-894A-792B133DB536}"
EndProject
Project("{8BC9CEB8-8B4A-11D0-8D11-00A0C91BC942}") = "INF-03.03", "INF-03.03\INF-03.03.vcxproj", "{3862C7A0-7ECB-4CFD-8A91-66F6312ACDBC}"
EndProject
Project("{8BC9CEB8-8B4A-11D0-8D11-00A0C91BC942}") = "Pflicht-Offline-Aufgabe O-03-01", "Pflicht-Offline-Aufgabe O-03-01\Pflicht-Offline-Aufgabe O-03-01.vcxproj", "{C507D795-2623-4E8B-ACA4-1C613BF45442}"
EndProject
Project("{8BC9CEB8-8B4A-11D0-8D11-00A0C91BC942}") = "Pflicht-Offline-Aufgabe O-03-02", "Pflicht-Offline-Aufgabe O-03-02\Pflicht-Offline-Aufgabe O-03-02.vcxproj", "{34AB8BF3-C0C0-4201-9EF5-B0D70A6D218F}"
EndProject
Project("{8BC9CEB8-8B4A-11D0-8D11-00A0C91BC942}") = "Freiwillige Offline-Aufgabe O-03-03,", "Freiwillige Offline-Aufgabe O-03-03,\Freiwillige Offline-Aufgabe O-03-03,.vcxproj", "{89654C3D-AC3F-4B8F-AA40-9E623E6A0724}"
EndProject
Project("{8BC9CEB8-8B4A-11D0-8D11-00A0C91BC942}") = "Freiwillige Offline-Aufgabe O-03-04", "Freiwillige Offline-Aufgabe O-03-04\Freiwillige Offline-Aufgabe O-03-04.vcxproj", "{34768893-F6FD-4606-B5C9-0D839E9DE33E}"
EndProject
Project("{8BC9CEB8-8B4A-11D0-8D11-00A0C91BC942}") = "Freiwillige Offline-Aufgabe O-03-05", "Freiwillige Offline-Aufgabe O-03-05\Freiwillige Offline-Aufgabe O-03-05.vcxproj", "{CF721197-E45B-4E95-A004-66A34235D3F4}"
EndProject
Project("{8BC9CEB8-8B4A-11D0-8D11-00A0C91BC942}") = "Freiwillige Offline-Aufgabe O-03-06", "Freiwillige Offline-Aufgabe O-03-06\Freiwillige Offline-Aufgabe O-03-06.vcxproj", "{0EFA5FAA-CBE4-42D1-AAF7-A926A62D9CCD}"
EndProject
Project("{8BC9CEB8-8B4A-11D0-8D11-00A0C91BC942}") = "Freiwillige Offline-Aufgabe O-03-07", "Freiwillige Offline-Aufgabe O 03-07\Freiwillige Offline-Aufgabe O 03-07.vcxproj", "{B9BB066E-32EA-4224-A825-0C90BABF08D7}"
EndProject
Project("{8BC9CEB8-8B4A-11D0-8D11-00A0C91BC942}") = "Freiwillige Offline-Aufgabe O 04-01", "Freiwillige Offline-Aufgabe O 04-01\Freiwillige Offline-Aufgabe O 04-01.vcxproj", "{2A62CBC4-39A2-4217-B6AE-69C9A4C27BFF}"
EndProject
Project("{8BC9CEB8-8B4A-11D0-8D11-00A0C91BC942}") = "Freiwillige Offline-Aufgabe O 04-02", "Freiwillige Offline-Aufgabe O 04-02\Freiwillige Offline-Aufgabe O 04-02.vcxproj", "{3109004E-7260-4CFE-AEF8-2CFE55619279}"
EndProject
Project("{8BC9CEB8-8B4A-11D0-8D11-00A0C91BC942}") = "Freiwillige Offline-Aufgabe O 04-03", "Freiwillige Offline-Aufgabe O 04-03\Freiwillige Offline-Aufgabe O 04-03.vcxproj", "{A599FED8-A333-46B4-BB49-67DB1D2ADE0D}"
EndProject
Project("{8BC9CEB8-8B4A-11D0-8D11-00A0C91BC942}") = "Pflicht-Offline-Aufgabe O 04-04", "Pflicht-Offline-Aufgabe O 04-04\Pflicht-Offline-Aufgabe O 04-04.vcxproj", "{B0B22063-E2F8-400C-8A0A-2CC6E015A417}"
EndProject
Project("{8BC9CEB8-8B4A-11D0-8D11-00A0C91BC942}") = "Freiwillige Offline-Aufgabe O 04-05", "Freiwillige Offline-Aufgabe O 04-05\Freiwillige Offline-Aufgabe O 04-05.vcxproj", "{29DA90B3-7DF6-41D2-8FCA-5D480FD3380B}"
EndProject
Project("{8BC9CEB8-8B4A-11D0-8D11-00A0C91BC942}") = "Freiwillige Offline-Aufgabe O 04-06", "Freiwillige Offline-Aufgabe O 04-06\Freiwillige Offline-Aufgabe O 04-06.vcxproj", "{5A0B7DD5-061D-4468-BD87-DF8503BB1B97}"
EndProject
Project("{8BC9CEB8-8B4A-11D0-8D11-00A0C91BC942}") = "Pflicht-Offline-Aufgabe O 04-07", "Pflicht-Offline-Aufgabe O 04-07\Pflicht-Offline-Aufgabe O 04-07.vcxproj", "{43442D44-C7B8-4BEE-A440-57250760B0DC}"
EndProject
Project("{8BC9CEB8-8B4A-11D0-8D11-00A0C91BC942}") = "Freiwillige Offline-Aufgabe O 04-08", "Freiwillige Offline-Aufgabe O 04-08\Freiwillige Offline-Aufgabe O 04-08.vcxproj", "{BDA3D80C-FBFF-4FEE-83B3-B34E185F76E6}"
EndProject
Project("{8BC9CEB8-8B4A-11D0-8D11-00A0C91BC942}") = "Freiwillige Offline-Aufgabe O 04-09", "Freiwillige Offline-Aufgabe O 04-09\Freiwillige Offline-Aufgabe O 04-09.vcxproj", "{79783052-95B7-418E-A171-237575218674}"
EndProject
Project("{8BC9CEB8-8B4A-11D0-8D11-00A0C91BC942}") = "Freiwillige Offline-Aufgabe O 04-10", "Freiwillige Offline-Aufgabe O 04-10\Freiwillige Offline-Aufgabe O 04-10.vcxproj", "{6DD97F73-A51E-4CA5-B676-0211A7EE641D}"
EndProject
Project("{8BC9CEB8-8B4A-11D0-8D11-00A0C91BC942}") = "Freiwillige Offline-Aufgabe O 04-11", "Freiwillige Offline-Aufgabe O 04-11\Freiwillige Offline-Aufgabe O 04-11.vcxproj", "{E65E31EC-DCE5-4AD3-8098-63D1CB6E7E9D}"
EndProject
Project("{8BC9CEB8-8B4A-11D0-8D11-00A0C91BC942}") = "Pflicht-Offline-Aufgabe O 04-12", "Pflicht-Offline-Aufgabe O 04-12\Pflicht-Offline-Aufgabe O 04-12.vcxproj", "{82C37EB2-E0A5-44D7-BCF2-9EBEC125F3DA}"
EndProject
Project("{2150E333-8FDC-42A3-9474-1A3956D46DE8}") = "02", "02", "{E1745115-4804-4485-BB19-15E8413A316E}"
EndProject
Project("{2150E333-8FDC-42A3-9474-1A3956D46DE8}") = "01", "01", "{F0216152-CA99-4706-9DE4-B49A2C870D06}"
EndProject
Project("{2150E333-8FDC-42A3-9474-1A3956D46DE8}") = "03", "03", "{A9D7CEB7-29A0-4EF6-96A1-735D8461E1F1}"
EndProject
Project("{2150E333-8FDC-42A3-9474-1A3956D46DE8}") = "04", "04", "{8D25F3E4-B469-4EEF-842B-F511E49687F9}"
EndProject
Project("{8BC9CEB8-8B4A-11D0-8D11-00A0C91BC942}") = "INF-04.01", "INF-04.01\INF-04.01.vcxproj", "{489DDA0A-18B1-4447-AD71-E749E15C93F5}"
EndProject
Project("{8BC9CEB8-8B4A-11D0-8D11-00A0C91BC942}") = "INF-04.02", "INF-04.02\INF-04.02.vcxproj", "{33BFB7A0-A8D6-4A1D-B1EE-58922A472131}"
EndProject
Project("{2150E333-8FDC-42A3-9474-1A3956D46DE8}") = "05", "05", "{7EA03288-8321-4365-B01A-1240C32E7C21}"
EndProject
Project("{8BC9CEB8-8B4A-11D0-8D11-00A0C91BC942}") = "O 05-01", "O 05-01\O 05-01.vcxproj", "{D50D4986-D311-4850-A61D-49A41837AA02}"
EndProject
Project("{8BC9CEB8-8B4A-11D0-8D11-00A0C91BC942}") = "O 05-02", "O 05-02\O 05-02.vcxproj", "{68B417D5-F836-48B8-999A-FB1D70B2B096}"
EndProject
Project("{8BC9CEB8-8B4A-11D0-8D11-00A0C91BC942}") = "O 05-03 F", "O 05-03 F\O 05-03 F.vcxproj", "{4C611CFC-DF52-4978-9E32-E548A9FF95D1}"
EndProject
Project("{8BC9CEB8-8B4A-11D0-8D11-00A0C91BC942}") = "O 05-04", "O 05-04\O 05-04.vcxproj", "{9E4426ED-15D3-46F0-ACF9-163B1C3A8827}"
EndProject
Project("{8BC9CEB8-8B4A-11D0-8D11-00A0C91BC942}") = "O 05-05", "O 05-05\O 05-05.vcxproj", "{46FA2505-E58C-4056-9402-B8EC1628CEBC}"
EndProject
Project("{8BC9CEB8-8B4A-11D0-8D11-00A0C91BC942}") = "O 05-06", "O 05-06\O 05-06.vcxproj", "{21BCC704-9AD6-4295-A71B-CDBD5887798E}"
EndProject
Project("{8BC9CEB8-8B4A-11D0-8D11-00A0C91BC942}") = "O 05-07", "O 05-07\O 05-07.vcxproj", "{2E72F88C-B0B9-4744-956A-6122F42D68DC}"
EndProject
Project("{8BC9CEB8-8B4A-11D0-8D11-00A0C91BC942}") = "O 05-09", "O 05-09\O 05-09.vcxproj", "{FECB704B-7904-4060-963F-5A1515E159F6}"
EndProject
Project("{8BC9CEB8-8B4A-11D0-8D11-00A0C91BC942}") = "O 05-08", "O 05-08\O 05-08.vcxproj", "{95A14E68-D54D-4C01-8C43-D357569C16C0}"
EndProject
Project("{8BC9CEB8-8B4A-11D0-8D11-00A0C91BC942}") = "INF-05.01", "INF-05.01\INF-05.01.vcxproj", "{A85A93CA-04CB-4F30-A298-12ADDDE4897A}"
EndProject
Project("{8BC9CEB8-8B4A-11D0-8D11-00A0C91BC942}") = "INF-05.02", "INF-05.02\INF-05.02.vcxproj", "{20127601-5DFE-4CBC-8E86-40BA93AC08E5}"
EndProject
Project("{8BC9CEB8-8B4A-11D0-8D11-00A0C91BC942}") = "INF-05.03", "INF-05.03\INF-05.03.vcxproj", "{41132394-A09D-405F-BC91-4B4DB5E35CEA}"
EndProject
Project("{2150E333-8FDC-42A3-9474-1A3956D46DE8}") = "06", "06", "{E351EDD6-0C5B-4B52-9430-D7AA3F916618}"
EndProject
Project("{8BC9CEB8-8B4A-11D0-8D11-00A0C91BC942}") = "O 06-01", "O 06-01\O 06-01.vcxproj", "{BBA79FC4-7DF4-474D-B327-2B76D92AA337}"
EndProject
Project("{8BC9CEB8-8B4A-11D0-8D11-00A0C91BC942}") = "O 06-02", "O 06-02\O 06-02.vcxproj", "{5F76DE42-4FD8-41E2-960E-EF6C19AC275B}"
EndProject
Project("{8BC9CEB8-8B4A-11D0-8D11-00A0C91BC942}") = "O 06-03", "O 06-03\O 06-03.vcxproj", "{ED51ADF5-2811-4EA9-81A6-7E2C38A14880}"
EndProject
Project("{8BC9CEB8-8B4A-11D0-8D11-00A0C91BC942}") = "INF-06.01", "INF-06.01\INF-06.01.vcxproj", "{1C05EC86-A71B-4FDF-95C3-4A58859C2FC4}"
EndProject
Project("{8BC9CEB8-8B4A-11D0-8D11-00A0C91BC942}") = "INF-06.02", "INF-06.02\INF-06.02.vcxproj", "{51EE4F6B-2A31-40FF-ACA7-FE96FE916B4D}"
EndProject
Project("{8BC9CEB8-8B4A-11D0-8D11-00A0C91BC942}") = "INF-06.03", "INF-06.03\INF-06.03.vcxproj", "{B0AADEB4-5933-47D4-8F7A-011A8647A244}"
EndProject
Project("{2150E333-8FDC-42A3-9474-1A3956D46DE8}") = "07", "07", "{F7FA9A4A-0B5F-431F-9415-A34614A9A221}"
EndProject
Project("{8BC9CEB8-8B4A-11D0-8D11-00A0C91BC942}") = "O 07-01", "O 07-01\O 07-01.vcxproj", "{FA56C283-240F-49E5-B1D3-E1A5BBBFE962}"
EndProject
Project("{8BC9CEB8-8B4A-11D0-8D11-00A0C91BC942}") = "O 07-02", "O 07-02\O 07-02.vcxproj", "{8649A18C-D3AF-488B-88DE-9AB704D02287}"
EndProject
Project("{8BC9CEB8-8B4A-11D0-8D11-00A0C91BC942}") = "O 07-03", "O 07-03\O 07-03.vcxproj", "{20494B04-DA68-4924-869C-E02988A53D15}"
EndProject
Project("{8BC9CEB8-8B4A-11D0-8D11-00A0C91BC942}") = "O 07-04", "O 07-04\O 07-04.vcxproj", "{5EE77A9F-D9E7-4742-B09B-DAAA5FAD379D}"
EndProject
Project("{8BC9CEB8-8B4A-11D0-8D11-00A0C91BC942}") = "O 07-05", "O 07-05\O 07-05.vcxproj", "{91178FA7-7292-4CE6-BA70-05758115FCB2}"
EndProject
Project("{8BC9CEB8-8B4A-11D0-8D11-00A0C91BC942}") = "test", "test\test.vcxproj", "{36834710-56C2-41A0-800D-E62B51A7283B}"
EndProject
Project("{8BC9CEB8-8B4A-11D0-8D11-00A0C91BC942}") = "INF-07.01", "INF-07.01\INF-07.01.vcxproj", "{C81A6F01-998D-495D-BE52-EB9A6F5EFF69}"
EndProject
Project("{8BC9CEB8-8B4A-11D0-8D11-00A0C91BC942}") = "INF-07.02", "INF-07.02\INF-07.02.vcxproj", "{95B2F847-27C5-4B78-8FFB-6FC89383000F}"
EndProject
Project("{8BC9CEB8-8B4A-11D0-8D11-00A0C91BC942}") = "INF-08", "Nr. 08, INF Vorbereitung\Nr. 08, INF Vorbereitung.vcxproj", "{4913DECE-FDDA-4C94-9D27-F69329CE25E4}"
EndProject
Project("{2150E333-8FDC-42A3-9474-1A3956D46DE8}") = "08", "08", "{24C5E38F-EC76-4A57-90A6-F38045CB8C5A}"
EndProject
Project("{8BC9CEB8-8B4A-11D0-8D11-00A0C91BC942}") = "O 08-01", "O 08-03\O 08-03.vcxproj", "{6E034C90-9DE3-4C84-ADD6-130DA885AFCB}"
EndProject
Project("{8BC9CEB8-8B4A-11D0-8D11-00A0C91BC942}") = "O 08-02", "O 08-02\O 08-02.vcxproj", "{E3784C87-AA3B-45F4-8F90-EB7FF48FEDD9}"
EndProject
Project("{8BC9CEB8-8B4A-11D0-8D11-00A0C91BC942}") = "O 08-03P", "O 08-03P\O 08-03P.vcxproj", "{A167B0C6-00B9-4099-90AA-3C094BEE49C3}"
EndProject
Project("{8BC9CEB8-8B4A-11D0-8D11-00A0C91BC942}") = "INF-09.01", "INF-09.01\INF-09.01.vcxproj", "{6705894E-AFCA-4FB4-AA0E-F0F0FF794707}"
EndProject
Project("{8BC9CEB8-8B4A-11D0-8D11-00A0C91BC942}") = "INF-09.02", "INF-09.02\INF-09.02.vcxproj", "{6EEC5D5D-C320-4E27-93D2-65504DF25989}"
EndProject
Project("{8BC9CEB8-8B4A-11D0-8D11-00A0C91BC942}") = "O 08-04", "O 08-04\O 08-04.vcxproj", "{89C5332A-E727-4871-92E6-91D8F3F83A8B}"
EndProject
Project("{8BC9CEB8-8B4A-11D0-8D11-00A0C91BC942}") = "O 08-05", "O 08-05\O 08-05.vcxproj", "{02404BAC-F0BE-4448-B773-85367225475F}"
EndProject
Project("{8BC9CEB8-8B4A-11D0-8D11-00A0C91BC942}") = "INF-10.01", "INF-10.01\INF-10.01.vcxproj", "{6162DBD6-B489-48BE-B74E-91C92B38085E}"
EndProject
Project("{8BC9CEB8-8B4A-11D0-8D11-00A0C91BC942}") = "INF-10.03", "INF-10.03\INF-10.03.vcxproj", "{7292C9F8-A346-413E-AE48-676074FA4C68}"
EndProject
Project("{8BC9CEB8-8B4A-11D0-8D11-00A0C91BC942}") = "INF-10.05", "INF-10.05\INF-10.05.vcxproj", "{0CEF57A1-AFBB-48B6-8AD6-2E127B559DED}"
EndProject
Project("{8BC9CEB8-8B4A-11D0-8D11-00A0C91BC942}") = "INF-11.01", "INF-11.01\INF-11.01.vcxproj", "{1458F907-18BA-4985-9ABF-B832B8564474}"
EndProject
Project("{8BC9CEB8-8B4A-11D0-8D11-00A0C91BC942}") = "INF-11.02", "INF-11.02\INF-11.02.vcxproj", "{4997EF7B-3D28-4DD5-BAFB-485F12BA9F34}"
EndProject
Project("{8BC9CEB8-8B4A-11D0-8D11-00A0C91BC942}") = "INF-11.03", "INF-11.03\INF-11.03.vcxproj", "{459C30BE-F8A9-4A70-86F5-FC3704140384}"
EndProject
Project("{8BC9CEB8-8B4A-11D0-8D11-00A0C91BC942}") = "INF-12.01", "INF-12.01\INF-12.01.vcxproj", "{71726C65-041A-4311-92D6-4D68B29E5FBF}"
EndProject
Global
	GlobalSection(SolutionConfigurationPlatforms) = preSolution
		Debug|x64 = Debug|x64
		Debug|x86 = Debug|x86
		Release|x64 = Release|x64
		Release|x86 = Release|x86
	EndGlobalSection
	GlobalSection(ProjectConfigurationPlatforms) = postSolution
		{F897126B-3030-46EA-9916-A54AC15D2D48}.Debug|x64.ActiveCfg = Debug|x64
		{F897126B-3030-46EA-9916-A54AC15D2D48}.Debug|x64.Build.0 = Debug|x64
		{F897126B-3030-46EA-9916-A54AC15D2D48}.Debug|x86.ActiveCfg = Debug|Win32
		{F897126B-3030-46EA-9916-A54AC15D2D48}.Debug|x86.Build.0 = Debug|Win32
		{F897126B-3030-46EA-9916-A54AC15D2D48}.Release|x64.ActiveCfg = Release|x64
		{F897126B-3030-46EA-9916-A54AC15D2D48}.Release|x64.Build.0 = Release|x64
		{F897126B-3030-46EA-9916-A54AC15D2D48}.Release|x86.ActiveCfg = Release|Win32
		{F897126B-3030-46EA-9916-A54AC15D2D48}.Release|x86.Build.0 = Release|Win32
		{5CC185C2-0292-49AA-A5A7-55F6A86D94A0}.Debug|x64.ActiveCfg = Debug|x64
		{5CC185C2-0292-49AA-A5A7-55F6A86D94A0}.Debug|x64.Build.0 = Debug|x64
		{5CC185C2-0292-49AA-A5A7-55F6A86D94A0}.Debug|x86.ActiveCfg = Debug|Win32
		{5CC185C2-0292-49AA-A5A7-55F6A86D94A0}.Debug|x86.Build.0 = Debug|Win32
		{5CC185C2-0292-49AA-A5A7-55F6A86D94A0}.Release|x64.ActiveCfg = Release|x64
		{5CC185C2-0292-49AA-A5A7-55F6A86D94A0}.Release|x64.Build.0 = Release|x64
		{5CC185C2-0292-49AA-A5A7-55F6A86D94A0}.Release|x86.ActiveCfg = Release|Win32
		{5CC185C2-0292-49AA-A5A7-55F6A86D94A0}.Release|x86.Build.0 = Release|Win32
		{14B6308C-05A5-4AF1-9E10-E67080F1B55D}.Debug|x64.ActiveCfg = Debug|x64
		{14B6308C-05A5-4AF1-9E10-E67080F1B55D}.Debug|x64.Build.0 = Debug|x64
		{14B6308C-05A5-4AF1-9E10-E67080F1B55D}.Debug|x86.ActiveCfg = Debug|Win32
		{14B6308C-05A5-4AF1-9E10-E67080F1B55D}.Debug|x86.Build.0 = Debug|Win32
		{14B6308C-05A5-4AF1-9E10-E67080F1B55D}.Release|x64.ActiveCfg = Release|x64
		{14B6308C-05A5-4AF1-9E10-E67080F1B55D}.Release|x64.Build.0 = Release|x64
		{14B6308C-05A5-4AF1-9E10-E67080F1B55D}.Release|x86.ActiveCfg = Release|Win32
		{14B6308C-05A5-4AF1-9E10-E67080F1B55D}.Release|x86.Build.0 = Release|Win32
		{7979EB0D-DBC7-4466-AF91-0BC658CF4CF1}.Debug|x64.ActiveCfg = Debug|x64
		{7979EB0D-DBC7-4466-AF91-0BC658CF4CF1}.Debug|x64.Build.0 = Debug|x64
		{7979EB0D-DBC7-4466-AF91-0BC658CF4CF1}.Debug|x86.ActiveCfg = Debug|Win32
		{7979EB0D-DBC7-4466-AF91-0BC658CF4CF1}.Debug|x86.Build.0 = Debug|Win32
		{7979EB0D-DBC7-4466-AF91-0BC658CF4CF1}.Release|x64.ActiveCfg = Release|x64
		{7979EB0D-DBC7-4466-AF91-0BC658CF4CF1}.Release|x64.Build.0 = Release|x64
		{7979EB0D-DBC7-4466-AF91-0BC658CF4CF1}.Release|x86.ActiveCfg = Release|Win32
		{7979EB0D-DBC7-4466-AF91-0BC658CF4CF1}.Release|x86.Build.0 = Release|Win32
		{8B6E9AB7-2D03-4F27-B339-1B28CE7FD735}.Debug|x64.ActiveCfg = Debug|x64
		{8B6E9AB7-2D03-4F27-B339-1B28CE7FD735}.Debug|x64.Build.0 = Debug|x64
		{8B6E9AB7-2D03-4F27-B339-1B28CE7FD735}.Debug|x86.ActiveCfg = Debug|Win32
		{8B6E9AB7-2D03-4F27-B339-1B28CE7FD735}.Debug|x86.Build.0 = Debug|Win32
		{8B6E9AB7-2D03-4F27-B339-1B28CE7FD735}.Release|x64.ActiveCfg = Release|x64
		{8B6E9AB7-2D03-4F27-B339-1B28CE7FD735}.Release|x64.Build.0 = Release|x64
		{8B6E9AB7-2D03-4F27-B339-1B28CE7FD735}.Release|x86.ActiveCfg = Release|Win32
		{8B6E9AB7-2D03-4F27-B339-1B28CE7FD735}.Release|x86.Build.0 = Release|Win32
		{4424F2DF-B32C-4521-87A8-7A16A0799C04}.Debug|x64.ActiveCfg = Debug|x64
		{4424F2DF-B32C-4521-87A8-7A16A0799C04}.Debug|x64.Build.0 = Debug|x64
		{4424F2DF-B32C-4521-87A8-7A16A0799C04}.Debug|x86.ActiveCfg = Debug|Win32
		{4424F2DF-B32C-4521-87A8-7A16A0799C04}.Debug|x86.Build.0 = Debug|Win32
		{4424F2DF-B32C-4521-87A8-7A16A0799C04}.Release|x64.ActiveCfg = Release|x64
		{4424F2DF-B32C-4521-87A8-7A16A0799C04}.Release|x64.Build.0 = Release|x64
		{4424F2DF-B32C-4521-87A8-7A16A0799C04}.Release|x86.ActiveCfg = Release|Win32
		{4424F2DF-B32C-4521-87A8-7A16A0799C04}.Release|x86.Build.0 = Release|Win32
		{F0764FE8-5878-4D89-A9FA-CABB0B6984F9}.Debug|x64.ActiveCfg = Debug|x64
		{F0764FE8-5878-4D89-A9FA-CABB0B6984F9}.Debug|x64.Build.0 = Debug|x64
		{F0764FE8-5878-4D89-A9FA-CABB0B6984F9}.Debug|x86.ActiveCfg = Debug|Win32
		{F0764FE8-5878-4D89-A9FA-CABB0B6984F9}.Debug|x86.Build.0 = Debug|Win32
		{F0764FE8-5878-4D89-A9FA-CABB0B6984F9}.Release|x64.ActiveCfg = Release|x64
		{F0764FE8-5878-4D89-A9FA-CABB0B6984F9}.Release|x64.Build.0 = Release|x64
		{F0764FE8-5878-4D89-A9FA-CABB0B6984F9}.Release|x86.ActiveCfg = Release|Win32
		{F0764FE8-5878-4D89-A9FA-CABB0B6984F9}.Release|x86.Build.0 = Release|Win32
		{5E941C40-6A35-4CE1-A808-1B7EED7512B6}.Debug|x64.ActiveCfg = Debug|x64
		{5E941C40-6A35-4CE1-A808-1B7EED7512B6}.Debug|x64.Build.0 = Debug|x64
		{5E941C40-6A35-4CE1-A808-1B7EED7512B6}.Debug|x86.ActiveCfg = Debug|Win32
		{5E941C40-6A35-4CE1-A808-1B7EED7512B6}.Debug|x86.Build.0 = Debug|Win32
		{5E941C40-6A35-4CE1-A808-1B7EED7512B6}.Release|x64.ActiveCfg = Release|x64
		{5E941C40-6A35-4CE1-A808-1B7EED7512B6}.Release|x64.Build.0 = Release|x64
		{5E941C40-6A35-4CE1-A808-1B7EED7512B6}.Release|x86.ActiveCfg = Release|Win32
		{5E941C40-6A35-4CE1-A808-1B7EED7512B6}.Release|x86.Build.0 = Release|Win32
		{C0671B24-C91D-4854-9747-CD7956904C27}.Debug|x64.ActiveCfg = Debug|x64
		{C0671B24-C91D-4854-9747-CD7956904C27}.Debug|x64.Build.0 = Debug|x64
		{C0671B24-C91D-4854-9747-CD7956904C27}.Debug|x86.ActiveCfg = Debug|Win32
		{C0671B24-C91D-4854-9747-CD7956904C27}.Debug|x86.Build.0 = Debug|Win32
		{C0671B24-C91D-4854-9747-CD7956904C27}.Release|x64.ActiveCfg = Release|x64
		{C0671B24-C91D-4854-9747-CD7956904C27}.Release|x64.Build.0 = Release|x64
		{C0671B24-C91D-4854-9747-CD7956904C27}.Release|x86.ActiveCfg = Release|Win32
		{C0671B24-C91D-4854-9747-CD7956904C27}.Release|x86.Build.0 = Release|Win32
		{07C6C025-BE99-4290-A4C3-A6249F3B00F2}.Debug|x64.ActiveCfg = Debug|x64
		{07C6C025-BE99-4290-A4C3-A6249F3B00F2}.Debug|x64.Build.0 = Debug|x64
		{07C6C025-BE99-4290-A4C3-A6249F3B00F2}.Debug|x86.ActiveCfg = Debug|Win32
		{07C6C025-BE99-4290-A4C3-A6249F3B00F2}.Debug|x86.Build.0 = Debug|Win32
		{07C6C025-BE99-4290-A4C3-A6249F3B00F2}.Release|x64.ActiveCfg = Release|x64
		{07C6C025-BE99-4290-A4C3-A6249F3B00F2}.Release|x64.Build.0 = Release|x64
		{07C6C025-BE99-4290-A4C3-A6249F3B00F2}.Release|x86.ActiveCfg = Release|Win32
		{07C6C025-BE99-4290-A4C3-A6249F3B00F2}.Release|x86.Build.0 = Release|Win32
		{67058B82-0DE2-4116-910A-C66F3786E234}.Debug|x64.ActiveCfg = Debug|x64
		{67058B82-0DE2-4116-910A-C66F3786E234}.Debug|x64.Build.0 = Debug|x64
		{67058B82-0DE2-4116-910A-C66F3786E234}.Debug|x86.ActiveCfg = Debug|Win32
		{67058B82-0DE2-4116-910A-C66F3786E234}.Debug|x86.Build.0 = Debug|Win32
		{67058B82-0DE2-4116-910A-C66F3786E234}.Release|x64.ActiveCfg = Release|x64
		{67058B82-0DE2-4116-910A-C66F3786E234}.Release|x64.Build.0 = Release|x64
		{67058B82-0DE2-4116-910A-C66F3786E234}.Release|x86.ActiveCfg = Release|Win32
		{67058B82-0DE2-4116-910A-C66F3786E234}.Release|x86.Build.0 = Release|Win32
		{A1DFF102-43E8-49D1-B87E-90372EF2C170}.Debug|x64.ActiveCfg = Debug|x64
		{A1DFF102-43E8-49D1-B87E-90372EF2C170}.Debug|x64.Build.0 = Debug|x64
		{A1DFF102-43E8-49D1-B87E-90372EF2C170}.Debug|x86.ActiveCfg = Debug|Win32
		{A1DFF102-43E8-49D1-B87E-90372EF2C170}.Debug|x86.Build.0 = Debug|Win32
		{A1DFF102-43E8-49D1-B87E-90372EF2C170}.Release|x64.ActiveCfg = Release|x64
		{A1DFF102-43E8-49D1-B87E-90372EF2C170}.Release|x64.Build.0 = Release|x64
		{A1DFF102-43E8-49D1-B87E-90372EF2C170}.Release|x86.ActiveCfg = Release|Win32
		{A1DFF102-43E8-49D1-B87E-90372EF2C170}.Release|x86.Build.0 = Release|Win32
		{596C7407-F735-4B47-894A-792B133DB536}.Debug|x64.ActiveCfg = Debug|x64
		{596C7407-F735-4B47-894A-792B133DB536}.Debug|x64.Build.0 = Debug|x64
		{596C7407-F735-4B47-894A-792B133DB536}.Debug|x86.ActiveCfg = Debug|Win32
		{596C7407-F735-4B47-894A-792B133DB536}.Debug|x86.Build.0 = Debug|Win32
		{596C7407-F735-4B47-894A-792B133DB536}.Release|x64.ActiveCfg = Release|x64
		{596C7407-F735-4B47-894A-792B133DB536}.Release|x64.Build.0 = Release|x64
		{596C7407-F735-4B47-894A-792B133DB536}.Release|x86.ActiveCfg = Release|Win32
		{596C7407-F735-4B47-894A-792B133DB536}.Release|x86.Build.0 = Release|Win32
		{3862C7A0-7ECB-4CFD-8A91-66F6312ACDBC}.Debug|x64.ActiveCfg = Debug|x64
		{3862C7A0-7ECB-4CFD-8A91-66F6312ACDBC}.Debug|x64.Build.0 = Debug|x64
		{3862C7A0-7ECB-4CFD-8A91-66F6312ACDBC}.Debug|x86.ActiveCfg = Debug|Win32
		{3862C7A0-7ECB-4CFD-8A91-66F6312ACDBC}.Debug|x86.Build.0 = Debug|Win32
		{3862C7A0-7ECB-4CFD-8A91-66F6312ACDBC}.Release|x64.ActiveCfg = Release|x64
		{3862C7A0-7ECB-4CFD-8A91-66F6312ACDBC}.Release|x64.Build.0 = Release|x64
		{3862C7A0-7ECB-4CFD-8A91-66F6312ACDBC}.Release|x86.ActiveCfg = Release|Win32
		{3862C7A0-7ECB-4CFD-8A91-66F6312ACDBC}.Release|x86.Build.0 = Release|Win32
		{C507D795-2623-4E8B-ACA4-1C613BF45442}.Debug|x64.ActiveCfg = Debug|x64
		{C507D795-2623-4E8B-ACA4-1C613BF45442}.Debug|x64.Build.0 = Debug|x64
		{C507D795-2623-4E8B-ACA4-1C613BF45442}.Debug|x86.ActiveCfg = Debug|Win32
		{C507D795-2623-4E8B-ACA4-1C613BF45442}.Debug|x86.Build.0 = Debug|Win32
		{C507D795-2623-4E8B-ACA4-1C613BF45442}.Release|x64.ActiveCfg = Release|x64
		{C507D795-2623-4E8B-ACA4-1C613BF45442}.Release|x64.Build.0 = Release|x64
		{C507D795-2623-4E8B-ACA4-1C613BF45442}.Release|x86.ActiveCfg = Release|Win32
		{C507D795-2623-4E8B-ACA4-1C613BF45442}.Release|x86.Build.0 = Release|Win32
		{34AB8BF3-C0C0-4201-9EF5-B0D70A6D218F}.Debug|x64.ActiveCfg = Debug|x64
		{34AB8BF3-C0C0-4201-9EF5-B0D70A6D218F}.Debug|x64.Build.0 = Debug|x64
		{34AB8BF3-C0C0-4201-9EF5-B0D70A6D218F}.Debug|x86.ActiveCfg = Debug|Win32
		{34AB8BF3-C0C0-4201-9EF5-B0D70A6D218F}.Debug|x86.Build.0 = Debug|Win32
		{34AB8BF3-C0C0-4201-9EF5-B0D70A6D218F}.Release|x64.ActiveCfg = Release|x64
		{34AB8BF3-C0C0-4201-9EF5-B0D70A6D218F}.Release|x64.Build.0 = Release|x64
		{34AB8BF3-C0C0-4201-9EF5-B0D70A6D218F}.Release|x86.ActiveCfg = Release|Win32
		{34AB8BF3-C0C0-4201-9EF5-B0D70A6D218F}.Release|x86.Build.0 = Release|Win32
		{89654C3D-AC3F-4B8F-AA40-9E623E6A0724}.Debug|x64.ActiveCfg = Debug|x64
		{89654C3D-AC3F-4B8F-AA40-9E623E6A0724}.Debug|x64.Build.0 = Debug|x64
		{89654C3D-AC3F-4B8F-AA40-9E623E6A0724}.Debug|x86.ActiveCfg = Debug|Win32
		{89654C3D-AC3F-4B8F-AA40-9E623E6A0724}.Debug|x86.Build.0 = Debug|Win32
		{89654C3D-AC3F-4B8F-AA40-9E623E6A0724}.Release|x64.ActiveCfg = Release|x64
		{89654C3D-AC3F-4B8F-AA40-9E623E6A0724}.Release|x64.Build.0 = Release|x64
		{89654C3D-AC3F-4B8F-AA40-9E623E6A0724}.Release|x86.ActiveCfg = Release|Win32
		{89654C3D-AC3F-4B8F-AA40-9E623E6A0724}.Release|x86.Build.0 = Release|Win32
		{34768893-F6FD-4606-B5C9-0D839E9DE33E}.Debug|x64.ActiveCfg = Debug|x64
		{34768893-F6FD-4606-B5C9-0D839E9DE33E}.Debug|x64.Build.0 = Debug|x64
		{34768893-F6FD-4606-B5C9-0D839E9DE33E}.Debug|x86.ActiveCfg = Debug|Win32
		{34768893-F6FD-4606-B5C9-0D839E9DE33E}.Debug|x86.Build.0 = Debug|Win32
		{34768893-F6FD-4606-B5C9-0D839E9DE33E}.Release|x64.ActiveCfg = Release|x64
		{34768893-F6FD-4606-B5C9-0D839E9DE33E}.Release|x64.Build.0 = Release|x64
		{34768893-F6FD-4606-B5C9-0D839E9DE33E}.Release|x86.ActiveCfg = Release|Win32
		{34768893-F6FD-4606-B5C9-0D839E9DE33E}.Release|x86.Build.0 = Release|Win32
		{CF721197-E45B-4E95-A004-66A34235D3F4}.Debug|x64.ActiveCfg = Debug|x64
		{CF721197-E45B-4E95-A004-66A34235D3F4}.Debug|x64.Build.0 = Debug|x64
		{CF721197-E45B-4E95-A004-66A34235D3F4}.Debug|x86.ActiveCfg = Debug|Win32
		{CF721197-E45B-4E95-A004-66A34235D3F4}.Debug|x86.Build.0 = Debug|Win32
		{CF721197-E45B-4E95-A004-66A34235D3F4}.Release|x64.ActiveCfg = Release|x64
		{CF721197-E45B-4E95-A004-66A34235D3F4}.Release|x64.Build.0 = Release|x64
		{CF721197-E45B-4E95-A004-66A34235D3F4}.Release|x86.ActiveCfg = Release|Win32
		{CF721197-E45B-4E95-A004-66A34235D3F4}.Release|x86.Build.0 = Release|Win32
		{0EFA5FAA-CBE4-42D1-AAF7-A926A62D9CCD}.Debug|x64.ActiveCfg = Debug|x64
		{0EFA5FAA-CBE4-42D1-AAF7-A926A62D9CCD}.Debug|x64.Build.0 = Debug|x64
		{0EFA5FAA-CBE4-42D1-AAF7-A926A62D9CCD}.Debug|x86.ActiveCfg = Debug|Win32
		{0EFA5FAA-CBE4-42D1-AAF7-A926A62D9CCD}.Debug|x86.Build.0 = Debug|Win32
		{0EFA5FAA-CBE4-42D1-AAF7-A926A62D9CCD}.Release|x64.ActiveCfg = Release|x64
		{0EFA5FAA-CBE4-42D1-AAF7-A926A62D9CCD}.Release|x64.Build.0 = Release|x64
		{0EFA5FAA-CBE4-42D1-AAF7-A926A62D9CCD}.Release|x86.ActiveCfg = Release|Win32
		{0EFA5FAA-CBE4-42D1-AAF7-A926A62D9CCD}.Release|x86.Build.0 = Release|Win32
		{B9BB066E-32EA-4224-A825-0C90BABF08D7}.Debug|x64.ActiveCfg = Debug|x64
		{B9BB066E-32EA-4224-A825-0C90BABF08D7}.Debug|x64.Build.0 = Debug|x64
		{B9BB066E-32EA-4224-A825-0C90BABF08D7}.Debug|x86.ActiveCfg = Debug|Win32
		{B9BB066E-32EA-4224-A825-0C90BABF08D7}.Debug|x86.Build.0 = Debug|Win32
		{B9BB066E-32EA-4224-A825-0C90BABF08D7}.Release|x64.ActiveCfg = Release|x64
		{B9BB066E-32EA-4224-A825-0C90BABF08D7}.Release|x64.Build.0 = Release|x64
		{B9BB066E-32EA-4224-A825-0C90BABF08D7}.Release|x86.ActiveCfg = Release|Win32
		{B9BB066E-32EA-4224-A825-0C90BABF08D7}.Release|x86.Build.0 = Release|Win32
		{2A62CBC4-39A2-4217-B6AE-69C9A4C27BFF}.Debug|x64.ActiveCfg = Debug|x64
		{2A62CBC4-39A2-4217-B6AE-69C9A4C27BFF}.Debug|x64.Build.0 = Debug|x64
		{2A62CBC4-39A2-4217-B6AE-69C9A4C27BFF}.Debug|x86.ActiveCfg = Debug|Win32
		{2A62CBC4-39A2-4217-B6AE-69C9A4C27BFF}.Debug|x86.Build.0 = Debug|Win32
		{2A62CBC4-39A2-4217-B6AE-69C9A4C27BFF}.Release|x64.ActiveCfg = Release|x64
		{2A62CBC4-39A2-4217-B6AE-69C9A4C27BFF}.Release|x64.Build.0 = Release|x64
		{2A62CBC4-39A2-4217-B6AE-69C9A4C27BFF}.Release|x86.ActiveCfg = Release|Win32
		{2A62CBC4-39A2-4217-B6AE-69C9A4C27BFF}.Release|x86.Build.0 = Release|Win32
		{3109004E-7260-4CFE-AEF8-2CFE55619279}.Debug|x64.ActiveCfg = Debug|x64
		{3109004E-7260-4CFE-AEF8-2CFE55619279}.Debug|x64.Build.0 = Debug|x64
		{3109004E-7260-4CFE-AEF8-2CFE55619279}.Debug|x86.ActiveCfg = Debug|Win32
		{3109004E-7260-4CFE-AEF8-2CFE55619279}.Debug|x86.Build.0 = Debug|Win32
		{3109004E-7260-4CFE-AEF8-2CFE55619279}.Release|x64.ActiveCfg = Release|x64
		{3109004E-7260-4CFE-AEF8-2CFE55619279}.Release|x64.Build.0 = Release|x64
		{3109004E-7260-4CFE-AEF8-2CFE55619279}.Release|x86.ActiveCfg = Release|Win32
		{3109004E-7260-4CFE-AEF8-2CFE55619279}.Release|x86.Build.0 = Release|Win32
		{A599FED8-A333-46B4-BB49-67DB1D2ADE0D}.Debug|x64.ActiveCfg = Debug|x64
		{A599FED8-A333-46B4-BB49-67DB1D2ADE0D}.Debug|x64.Build.0 = Debug|x64
		{A599FED8-A333-46B4-BB49-67DB1D2ADE0D}.Debug|x86.ActiveCfg = Debug|Win32
		{A599FED8-A333-46B4-BB49-67DB1D2ADE0D}.Debug|x86.Build.0 = Debug|Win32
		{A599FED8-A333-46B4-BB49-67DB1D2ADE0D}.Release|x64.ActiveCfg = Release|x64
		{A599FED8-A333-46B4-BB49-67DB1D2ADE0D}.Release|x64.Build.0 = Release|x64
		{A599FED8-A333-46B4-BB49-67DB1D2ADE0D}.Release|x86.ActiveCfg = Release|Win32
		{A599FED8-A333-46B4-BB49-67DB1D2ADE0D}.Release|x86.Build.0 = Release|Win32
		{B0B22063-E2F8-400C-8A0A-2CC6E015A417}.Debug|x64.ActiveCfg = Debug|x64
		{B0B22063-E2F8-400C-8A0A-2CC6E015A417}.Debug|x64.Build.0 = Debug|x64
		{B0B22063-E2F8-400C-8A0A-2CC6E015A417}.Debug|x86.ActiveCfg = Debug|Win32
		{B0B22063-E2F8-400C-8A0A-2CC6E015A417}.Debug|x86.Build.0 = Debug|Win32
		{B0B22063-E2F8-400C-8A0A-2CC6E015A417}.Release|x64.ActiveCfg = Release|x64
		{B0B22063-E2F8-400C-8A0A-2CC6E015A417}.Release|x64.Build.0 = Release|x64
		{B0B22063-E2F8-400C-8A0A-2CC6E015A417}.Release|x86.ActiveCfg = Release|Win32
		{B0B22063-E2F8-400C-8A0A-2CC6E015A417}.Release|x86.Build.0 = Release|Win32
		{29DA90B3-7DF6-41D2-8FCA-5D480FD3380B}.Debug|x64.ActiveCfg = Debug|x64
		{29DA90B3-7DF6-41D2-8FCA-5D480FD3380B}.Debug|x64.Build.0 = Debug|x64
		{29DA90B3-7DF6-41D2-8FCA-5D480FD3380B}.Debug|x86.ActiveCfg = Debug|Win32
		{29DA90B3-7DF6-41D2-8FCA-5D480FD3380B}.Debug|x86.Build.0 = Debug|Win32
		{29DA90B3-7DF6-41D2-8FCA-5D480FD3380B}.Release|x64.ActiveCfg = Release|x64
		{29DA90B3-7DF6-41D2-8FCA-5D480FD3380B}.Release|x64.Build.0 = Release|x64
		{29DA90B3-7DF6-41D2-8FCA-5D480FD3380B}.Release|x86.ActiveCfg = Release|Win32
		{29DA90B3-7DF6-41D2-8FCA-5D480FD3380B}.Release|x86.Build.0 = Release|Win32
		{5A0B7DD5-061D-4468-BD87-DF8503BB1B97}.Debug|x64.ActiveCfg = Debug|x64
		{5A0B7DD5-061D-4468-BD87-DF8503BB1B97}.Debug|x64.Build.0 = Debug|x64
		{5A0B7DD5-061D-4468-BD87-DF8503BB1B97}.Debug|x86.ActiveCfg = Debug|Win32
		{5A0B7DD5-061D-4468-BD87-DF8503BB1B97}.Debug|x86.Build.0 = Debug|Win32
		{5A0B7DD5-061D-4468-BD87-DF8503BB1B97}.Release|x64.ActiveCfg = Release|x64
		{5A0B7DD5-061D-4468-BD87-DF8503BB1B97}.Release|x64.Build.0 = Release|x64
		{5A0B7DD5-061D-4468-BD87-DF8503BB1B97}.Release|x86.ActiveCfg = Release|Win32
		{5A0B7DD5-061D-4468-BD87-DF8503BB1B97}.Release|x86.Build.0 = Release|Win32
		{43442D44-C7B8-4BEE-A440-57250760B0DC}.Debug|x64.ActiveCfg = Debug|x64
		{43442D44-C7B8-4BEE-A440-57250760B0DC}.Debug|x64.Build.0 = Debug|x64
		{43442D44-C7B8-4BEE-A440-57250760B0DC}.Debug|x86.ActiveCfg = Debug|Win32
		{43442D44-C7B8-4BEE-A440-57250760B0DC}.Debug|x86.Build.0 = Debug|Win32
		{43442D44-C7B8-4BEE-A440-57250760B0DC}.Release|x64.ActiveCfg = Release|x64
		{43442D44-C7B8-4BEE-A440-57250760B0DC}.Release|x64.Build.0 = Release|x64
		{43442D44-C7B8-4BEE-A440-57250760B0DC}.Release|x86.ActiveCfg = Release|Win32
		{43442D44-C7B8-4BEE-A440-57250760B0DC}.Release|x86.Build.0 = Release|Win32
		{BDA3D80C-FBFF-4FEE-83B3-B34E185F76E6}.Debug|x64.ActiveCfg = Debug|x64
		{BDA3D80C-FBFF-4FEE-83B3-B34E185F76E6}.Debug|x64.Build.0 = Debug|x64
		{BDA3D80C-FBFF-4FEE-83B3-B34E185F76E6}.Debug|x86.ActiveCfg = Debug|Win32
		{BDA3D80C-FBFF-4FEE-83B3-B34E185F76E6}.Debug|x86.Build.0 = Debug|Win32
		{BDA3D80C-FBFF-4FEE-83B3-B34E185F76E6}.Release|x64.ActiveCfg = Release|x64
		{BDA3D80C-FBFF-4FEE-83B3-B34E185F76E6}.Release|x64.Build.0 = Release|x64
		{BDA3D80C-FBFF-4FEE-83B3-B34E185F76E6}.Release|x86.ActiveCfg = Release|Win32
		{BDA3D80C-FBFF-4FEE-83B3-B34E185F76E6}.Release|x86.Build.0 = Release|Win32
		{79783052-95B7-418E-A171-237575218674}.Debug|x64.ActiveCfg = Debug|x64
		{79783052-95B7-418E-A171-237575218674}.Debug|x64.Build.0 = Debug|x64
		{79783052-95B7-418E-A171-237575218674}.Debug|x86.ActiveCfg = Debug|Win32
		{79783052-95B7-418E-A171-237575218674}.Debug|x86.Build.0 = Debug|Win32
		{79783052-95B7-418E-A171-237575218674}.Release|x64.ActiveCfg = Release|x64
		{79783052-95B7-418E-A171-237575218674}.Release|x64.Build.0 = Release|x64
		{79783052-95B7-418E-A171-237575218674}.Release|x86.ActiveCfg = Release|Win32
		{79783052-95B7-418E-A171-237575218674}.Release|x86.Build.0 = Release|Win32
		{6DD97F73-A51E-4CA5-B676-0211A7EE641D}.Debug|x64.ActiveCfg = Debug|x64
		{6DD97F73-A51E-4CA5-B676-0211A7EE641D}.Debug|x64.Build.0 = Debug|x64
		{6DD97F73-A51E-4CA5-B676-0211A7EE641D}.Debug|x86.ActiveCfg = Debug|Win32
		{6DD97F73-A51E-4CA5-B676-0211A7EE641D}.Debug|x86.Build.0 = Debug|Win32
		{6DD97F73-A51E-4CA5-B676-0211A7EE641D}.Release|x64.ActiveCfg = Release|x64
		{6DD97F73-A51E-4CA5-B676-0211A7EE641D}.Release|x64.Build.0 = Release|x64
		{6DD97F73-A51E-4CA5-B676-0211A7EE641D}.Release|x86.ActiveCfg = Release|Win32
		{6DD97F73-A51E-4CA5-B676-0211A7EE641D}.Release|x86.Build.0 = Release|Win32
		{E65E31EC-DCE5-4AD3-8098-63D1CB6E7E9D}.Debug|x64.ActiveCfg = Debug|x64
		{E65E31EC-DCE5-4AD3-8098-63D1CB6E7E9D}.Debug|x64.Build.0 = Debug|x64
		{E65E31EC-DCE5-4AD3-8098-63D1CB6E7E9D}.Debug|x86.ActiveCfg = Debug|Win32
		{E65E31EC-DCE5-4AD3-8098-63D1CB6E7E9D}.Debug|x86.Build.0 = Debug|Win32
		{E65E31EC-DCE5-4AD3-8098-63D1CB6E7E9D}.Release|x64.ActiveCfg = Release|x64
		{E65E31EC-DCE5-4AD3-8098-63D1CB6E7E9D}.Release|x64.Build.0 = Release|x64
		{E65E31EC-DCE5-4AD3-8098-63D1CB6E7E9D}.Release|x86.ActiveCfg = Release|Win32
		{E65E31EC-DCE5-4AD3-8098-63D1CB6E7E9D}.Release|x86.Build.0 = Release|Win32
		{82C37EB2-E0A5-44D7-BCF2-9EBEC125F3DA}.Debug|x64.ActiveCfg = Debug|x64
		{82C37EB2-E0A5-44D7-BCF2-9EBEC125F3DA}.Debug|x64.Build.0 = Debug|x64
		{82C37EB2-E0A5-44D7-BCF2-9EBEC125F3DA}.Debug|x86.ActiveCfg = Debug|Win32
		{82C37EB2-E0A5-44D7-BCF2-9EBEC125F3DA}.Debug|x86.Build.0 = Debug|Win32
		{82C37EB2-E0A5-44D7-BCF2-9EBEC125F3DA}.Release|x64.ActiveCfg = Release|x64
		{82C37EB2-E0A5-44D7-BCF2-9EBEC125F3DA}.Release|x64.Build.0 = Release|x64
		{82C37EB2-E0A5-44D7-BCF2-9EBEC125F3DA}.Release|x86.ActiveCfg = Release|Win32
		{82C37EB2-E0A5-44D7-BCF2-9EBEC125F3DA}.Release|x86.Build.0 = Release|Win32
		{489DDA0A-18B1-4447-AD71-E749E15C93F5}.Debug|x64.ActiveCfg = Debug|x64
		{489DDA0A-18B1-4447-AD71-E749E15C93F5}.Debug|x64.Build.0 = Debug|x64
		{489DDA0A-18B1-4447-AD71-E749E15C93F5}.Debug|x86.ActiveCfg = Debug|Win32
		{489DDA0A-18B1-4447-AD71-E749E15C93F5}.Debug|x86.Build.0 = Debug|Win32
		{489DDA0A-18B1-4447-AD71-E749E15C93F5}.Release|x64.ActiveCfg = Release|x64
		{489DDA0A-18B1-4447-AD71-E749E15C93F5}.Release|x64.Build.0 = Release|x64
		{489DDA0A-18B1-4447-AD71-E749E15C93F5}.Release|x86.ActiveCfg = Release|Win32
		{489DDA0A-18B1-4447-AD71-E749E15C93F5}.Release|x86.Build.0 = Release|Win32
		{33BFB7A0-A8D6-4A1D-B1EE-58922A472131}.Debug|x64.ActiveCfg = Debug|x64
		{33BFB7A0-A8D6-4A1D-B1EE-58922A472131}.Debug|x64.Build.0 = Debug|x64
		{33BFB7A0-A8D6-4A1D-B1EE-58922A472131}.Debug|x86.ActiveCfg = Debug|Win32
		{33BFB7A0-A8D6-4A1D-B1EE-58922A472131}.Debug|x86.Build.0 = Debug|Win32
		{33BFB7A0-A8D6-4A1D-B1EE-58922A472131}.Release|x64.ActiveCfg = Release|x64
		{33BFB7A0-A8D6-4A1D-B1EE-58922A472131}.Release|x64.Build.0 = Release|x64
		{33BFB7A0-A8D6-4A1D-B1EE-58922A472131}.Release|x86.ActiveCfg = Release|Win32
		{33BFB7A0-A8D6-4A1D-B1EE-58922A472131}.Release|x86.Build.0 = Release|Win32
		{D50D4986-D311-4850-A61D-49A41837AA02}.Debug|x64.ActiveCfg = Debug|x64
		{D50D4986-D311-4850-A61D-49A41837AA02}.Debug|x64.Build.0 = Debug|x64
		{D50D4986-D311-4850-A61D-49A41837AA02}.Debug|x86.ActiveCfg = Debug|Win32
		{D50D4986-D311-4850-A61D-49A41837AA02}.Debug|x86.Build.0 = Debug|Win32
		{D50D4986-D311-4850-A61D-49A41837AA02}.Release|x64.ActiveCfg = Release|x64
		{D50D4986-D311-4850-A61D-49A41837AA02}.Release|x64.Build.0 = Release|x64
		{D50D4986-D311-4850-A61D-49A41837AA02}.Release|x86.ActiveCfg = Release|Win32
		{D50D4986-D311-4850-A61D-49A41837AA02}.Release|x86.Build.0 = Release|Win32
		{68B417D5-F836-48B8-999A-FB1D70B2B096}.Debug|x64.ActiveCfg = Debug|x64
		{68B417D5-F836-48B8-999A-FB1D70B2B096}.Debug|x64.Build.0 = Debug|x64
		{68B417D5-F836-48B8-999A-FB1D70B2B096}.Debug|x86.ActiveCfg = Debug|Win32
		{68B417D5-F836-48B8-999A-FB1D70B2B096}.Debug|x86.Build.0 = Debug|Win32
		{68B417D5-F836-48B8-999A-FB1D70B2B096}.Release|x64.ActiveCfg = Release|x64
		{68B417D5-F836-48B8-999A-FB1D70B2B096}.Release|x64.Build.0 = Release|x64
		{68B417D5-F836-48B8-999A-FB1D70B2B096}.Release|x86.ActiveCfg = Release|Win32
		{68B417D5-F836-48B8-999A-FB1D70B2B096}.Release|x86.Build.0 = Release|Win32
		{4C611CFC-DF52-4978-9E32-E548A9FF95D1}.Debug|x64.ActiveCfg = Debug|x64
		{4C611CFC-DF52-4978-9E32-E548A9FF95D1}.Debug|x64.Build.0 = Debug|x64
		{4C611CFC-DF52-4978-9E32-E548A9FF95D1}.Debug|x86.ActiveCfg = Debug|Win32
		{4C611CFC-DF52-4978-9E32-E548A9FF95D1}.Debug|x86.Build.0 = Debug|Win32
		{4C611CFC-DF52-4978-9E32-E548A9FF95D1}.Release|x64.ActiveCfg = Release|x64
		{4C611CFC-DF52-4978-9E32-E548A9FF95D1}.Release|x64.Build.0 = Release|x64
		{4C611CFC-DF52-4978-9E32-E548A9FF95D1}.Release|x86.ActiveCfg = Release|Win32
		{4C611CFC-DF52-4978-9E32-E548A9FF95D1}.Release|x86.Build.0 = Release|Win32
		{9E4426ED-15D3-46F0-ACF9-163B1C3A8827}.Debug|x64.ActiveCfg = Debug|x64
		{9E4426ED-15D3-46F0-ACF9-163B1C3A8827}.Debug|x64.Build.0 = Debug|x64
		{9E4426ED-15D3-46F0-ACF9-163B1C3A8827}.Debug|x86.ActiveCfg = Debug|Win32
		{9E4426ED-15D3-46F0-ACF9-163B1C3A8827}.Debug|x86.Build.0 = Debug|Win32
		{9E4426ED-15D3-46F0-ACF9-163B1C3A8827}.Release|x64.ActiveCfg = Release|x64
		{9E4426ED-15D3-46F0-ACF9-163B1C3A8827}.Release|x64.Build.0 = Release|x64
		{9E4426ED-15D3-46F0-ACF9-163B1C3A8827}.Release|x86.ActiveCfg = Release|Win32
		{9E4426ED-15D3-46F0-ACF9-163B1C3A8827}.Release|x86.Build.0 = Release|Win32
		{46FA2505-E58C-4056-9402-B8EC1628CEBC}.Debug|x64.ActiveCfg = Debug|x64
		{46FA2505-E58C-4056-9402-B8EC1628CEBC}.Debug|x64.Build.0 = Debug|x64
		{46FA2505-E58C-4056-9402-B8EC1628CEBC}.Debug|x86.ActiveCfg = Debug|Win32
		{46FA2505-E58C-4056-9402-B8EC1628CEBC}.Debug|x86.Build.0 = Debug|Win32
		{46FA2505-E58C-4056-9402-B8EC1628CEBC}.Release|x64.ActiveCfg = Release|x64
		{46FA2505-E58C-4056-9402-B8EC1628CEBC}.Release|x64.Build.0 = Release|x64
		{46FA2505-E58C-4056-9402-B8EC1628CEBC}.Release|x86.ActiveCfg = Release|Win32
		{46FA2505-E58C-4056-9402-B8EC1628CEBC}.Release|x86.Build.0 = Release|Win32
		{21BCC704-9AD6-4295-A71B-CDBD5887798E}.Debug|x64.ActiveCfg = Debug|x64
		{21BCC704-9AD6-4295-A71B-CDBD5887798E}.Debug|x64.Build.0 = Debug|x64
		{21BCC704-9AD6-4295-A71B-CDBD5887798E}.Debug|x86.ActiveCfg = Debug|Win32
		{21BCC704-9AD6-4295-A71B-CDBD5887798E}.Debug|x86.Build.0 = Debug|Win32
		{21BCC704-9AD6-4295-A71B-CDBD5887798E}.Release|x64.ActiveCfg = Release|x64
		{21BCC704-9AD6-4295-A71B-CDBD5887798E}.Release|x64.Build.0 = Release|x64
		{21BCC704-9AD6-4295-A71B-CDBD5887798E}.Release|x86.ActiveCfg = Release|Win32
		{21BCC704-9AD6-4295-A71B-CDBD5887798E}.Release|x86.Build.0 = Release|Win32
		{2E72F88C-B0B9-4744-956A-6122F42D68DC}.Debug|x64.ActiveCfg = Debug|x64
		{2E72F88C-B0B9-4744-956A-6122F42D68DC}.Debug|x64.Build.0 = Debug|x64
		{2E72F88C-B0B9-4744-956A-6122F42D68DC}.Debug|x86.ActiveCfg = Debug|Win32
		{2E72F88C-B0B9-4744-956A-6122F42D68DC}.Debug|x86.Build.0 = Debug|Win32
		{2E72F88C-B0B9-4744-956A-6122F42D68DC}.Release|x64.ActiveCfg = Release|x64
		{2E72F88C-B0B9-4744-956A-6122F42D68DC}.Release|x64.Build.0 = Release|x64
		{2E72F88C-B0B9-4744-956A-6122F42D68DC}.Release|x86.ActiveCfg = Release|Win32
		{2E72F88C-B0B9-4744-956A-6122F42D68DC}.Release|x86.Build.0 = Release|Win32
		{FECB704B-7904-4060-963F-5A1515E159F6}.Debug|x64.ActiveCfg = Debug|x64
		{FECB704B-7904-4060-963F-5A1515E159F6}.Debug|x64.Build.0 = Debug|x64
		{FECB704B-7904-4060-963F-5A1515E159F6}.Debug|x86.ActiveCfg = Debug|Win32
		{FECB704B-7904-4060-963F-5A1515E159F6}.Debug|x86.Build.0 = Debug|Win32
		{FECB704B-7904-4060-963F-5A1515E159F6}.Release|x64.ActiveCfg = Release|x64
		{FECB704B-7904-4060-963F-5A1515E159F6}.Release|x64.Build.0 = Release|x64
		{FECB704B-7904-4060-963F-5A1515E159F6}.Release|x86.ActiveCfg = Release|Win32
		{FECB704B-7904-4060-963F-5A1515E159F6}.Release|x86.Build.0 = Release|Win32
		{95A14E68-D54D-4C01-8C43-D357569C16C0}.Debug|x64.ActiveCfg = Debug|x64
		{95A14E68-D54D-4C01-8C43-D357569C16C0}.Debug|x64.Build.0 = Debug|x64
		{95A14E68-D54D-4C01-8C43-D357569C16C0}.Debug|x86.ActiveCfg = Debug|Win32
		{95A14E68-D54D-4C01-8C43-D357569C16C0}.Debug|x86.Build.0 = Debug|Win32
		{95A14E68-D54D-4C01-8C43-D357569C16C0}.Release|x64.ActiveCfg = Release|x64
		{95A14E68-D54D-4C01-8C43-D357569C16C0}.Release|x64.Build.0 = Release|x64
		{95A14E68-D54D-4C01-8C43-D357569C16C0}.Release|x86.ActiveCfg = Release|Win32
		{95A14E68-D54D-4C01-8C43-D357569C16C0}.Release|x86.Build.0 = Release|Win32
		{A85A93CA-04CB-4F30-A298-12ADDDE4897A}.Debug|x64.ActiveCfg = Debug|x64
		{A85A93CA-04CB-4F30-A298-12ADDDE4897A}.Debug|x64.Build.0 = Debug|x64
		{A85A93CA-04CB-4F30-A298-12ADDDE4897A}.Debug|x86.ActiveCfg = Debug|Win32
		{A85A93CA-04CB-4F30-A298-12ADDDE4897A}.Debug|x86.Build.0 = Debug|Win32
		{A85A93CA-04CB-4F30-A298-12ADDDE4897A}.Release|x64.ActiveCfg = Release|x64
		{A85A93CA-04CB-4F30-A298-12ADDDE4897A}.Release|x64.Build.0 = Release|x64
		{A85A93CA-04CB-4F30-A298-12ADDDE4897A}.Release|x86.ActiveCfg = Release|Win32
		{A85A93CA-04CB-4F30-A298-12ADDDE4897A}.Release|x86.Build.0 = Release|Win32
		{20127601-5DFE-4CBC-8E86-40BA93AC08E5}.Debug|x64.ActiveCfg = Debug|x64
		{20127601-5DFE-4CBC-8E86-40BA93AC08E5}.Debug|x64.Build.0 = Debug|x64
		{20127601-5DFE-4CBC-8E86-40BA93AC08E5}.Debug|x86.ActiveCfg = Debug|Win32
		{20127601-5DFE-4CBC-8E86-40BA93AC08E5}.Debug|x86.Build.0 = Debug|Win32
		{20127601-5DFE-4CBC-8E86-40BA93AC08E5}.Release|x64.ActiveCfg = Release|x64
		{20127601-5DFE-4CBC-8E86-40BA93AC08E5}.Release|x64.Build.0 = Release|x64
		{20127601-5DFE-4CBC-8E86-40BA93AC08E5}.Release|x86.ActiveCfg = Release|Win32
		{20127601-5DFE-4CBC-8E86-40BA93AC08E5}.Release|x86.Build.0 = Release|Win32
		{41132394-A09D-405F-BC91-4B4DB5E35CEA}.Debug|x64.ActiveCfg = Debug|x64
		{41132394-A09D-405F-BC91-4B4DB5E35CEA}.Debug|x64.Build.0 = Debug|x64
		{41132394-A09D-405F-BC91-4B4DB5E35CEA}.Debug|x86.ActiveCfg = Debug|Win32
		{41132394-A09D-405F-BC91-4B4DB5E35CEA}.Debug|x86.Build.0 = Debug|Win32
		{41132394-A09D-405F-BC91-4B4DB5E35CEA}.Release|x64.ActiveCfg = Release|x64
		{41132394-A09D-405F-BC91-4B4DB5E35CEA}.Release|x64.Build.0 = Release|x64
		{41132394-A09D-405F-BC91-4B4DB5E35CEA}.Release|x86.ActiveCfg = Release|Win32
		{41132394-A09D-405F-BC91-4B4DB5E35CEA}.Release|x86.Build.0 = Release|Win32
		{BBA79FC4-7DF4-474D-B327-2B76D92AA337}.Debug|x64.ActiveCfg = Debug|x64
		{BBA79FC4-7DF4-474D-B327-2B76D92AA337}.Debug|x64.Build.0 = Debug|x64
		{BBA79FC4-7DF4-474D-B327-2B76D92AA337}.Debug|x86.ActiveCfg = Debug|Win32
		{BBA79FC4-7DF4-474D-B327-2B76D92AA337}.Debug|x86.Build.0 = Debug|Win32
		{BBA79FC4-7DF4-474D-B327-2B76D92AA337}.Release|x64.ActiveCfg = Release|x64
		{BBA79FC4-7DF4-474D-B327-2B76D92AA337}.Release|x64.Build.0 = Release|x64
		{BBA79FC4-7DF4-474D-B327-2B76D92AA337}.Release|x86.ActiveCfg = Release|Win32
		{BBA79FC4-7DF4-474D-B327-2B76D92AA337}.Release|x86.Build.0 = Release|Win32
		{5F76DE42-4FD8-41E2-960E-EF6C19AC275B}.Debug|x64.ActiveCfg = Debug|x64
		{5F76DE42-4FD8-41E2-960E-EF6C19AC275B}.Debug|x64.Build.0 = Debug|x64
		{5F76DE42-4FD8-41E2-960E-EF6C19AC275B}.Debug|x86.ActiveCfg = Debug|Win32
		{5F76DE42-4FD8-41E2-960E-EF6C19AC275B}.Debug|x86.Build.0 = Debug|Win32
		{5F76DE42-4FD8-41E2-960E-EF6C19AC275B}.Release|x64.ActiveCfg = Release|x64
		{5F76DE42-4FD8-41E2-960E-EF6C19AC275B}.Release|x64.Build.0 = Release|x64
		{5F76DE42-4FD8-41E2-960E-EF6C19AC275B}.Release|x86.ActiveCfg = Release|Win32
		{5F76DE42-4FD8-41E2-960E-EF6C19AC275B}.Release|x86.Build.0 = Release|Win32
		{ED51ADF5-2811-4EA9-81A6-7E2C38A14880}.Debug|x64.ActiveCfg = Debug|x64
		{ED51ADF5-2811-4EA9-81A6-7E2C38A14880}.Debug|x64.Build.0 = Debug|x64
		{ED51ADF5-2811-4EA9-81A6-7E2C38A14880}.Debug|x86.ActiveCfg = Debug|Win32
		{ED51ADF5-2811-4EA9-81A6-7E2C38A14880}.Debug|x86.Build.0 = Debug|Win32
		{ED51ADF5-2811-4EA9-81A6-7E2C38A14880}.Release|x64.ActiveCfg = Release|x64
		{ED51ADF5-2811-4EA9-81A6-7E2C38A14880}.Release|x64.Build.0 = Release|x64
		{ED51ADF5-2811-4EA9-81A6-7E2C38A14880}.Release|x86.ActiveCfg = Release|Win32
		{ED51ADF5-2811-4EA9-81A6-7E2C38A14880}.Release|x86.Build.0 = Release|Win32
		{1C05EC86-A71B-4FDF-95C3-4A58859C2FC4}.Debug|x64.ActiveCfg = Debug|x64
		{1C05EC86-A71B-4FDF-95C3-4A58859C2FC4}.Debug|x64.Build.0 = Debug|x64
		{1C05EC86-A71B-4FDF-95C3-4A58859C2FC4}.Debug|x86.ActiveCfg = Debug|Win32
		{1C05EC86-A71B-4FDF-95C3-4A58859C2FC4}.Debug|x86.Build.0 = Debug|Win32
		{1C05EC86-A71B-4FDF-95C3-4A58859C2FC4}.Release|x64.ActiveCfg = Release|x64
		{1C05EC86-A71B-4FDF-95C3-4A58859C2FC4}.Release|x64.Build.0 = Release|x64
		{1C05EC86-A71B-4FDF-95C3-4A58859C2FC4}.Release|x86.ActiveCfg = Release|Win32
		{1C05EC86-A71B-4FDF-95C3-4A58859C2FC4}.Release|x86.Build.0 = Release|Win32
		{51EE4F6B-2A31-40FF-ACA7-FE96FE916B4D}.Debug|x64.ActiveCfg = Debug|x64
		{51EE4F6B-2A31-40FF-ACA7-FE96FE916B4D}.Debug|x64.Build.0 = Debug|x64
		{51EE4F6B-2A31-40FF-ACA7-FE96FE916B4D}.Debug|x86.ActiveCfg = Debug|Win32
		{51EE4F6B-2A31-40FF-ACA7-FE96FE916B4D}.Debug|x86.Build.0 = Debug|Win32
		{51EE4F6B-2A31-40FF-ACA7-FE96FE916B4D}.Release|x64.ActiveCfg = Release|x64
		{51EE4F6B-2A31-40FF-ACA7-FE96FE916B4D}.Release|x64.Build.0 = Release|x64
		{51EE4F6B-2A31-40FF-ACA7-FE96FE916B4D}.Release|x86.ActiveCfg = Release|Win32
		{51EE4F6B-2A31-40FF-ACA7-FE96FE916B4D}.Release|x86.Build.0 = Release|Win32
		{B0AADEB4-5933-47D4-8F7A-011A8647A244}.Debug|x64.ActiveCfg = Debug|x64
		{B0AADEB4-5933-47D4-8F7A-011A8647A244}.Debug|x64.Build.0 = Debug|x64
		{B0AADEB4-5933-47D4-8F7A-011A8647A244}.Debug|x86.ActiveCfg = Debug|Win32
		{B0AADEB4-5933-47D4-8F7A-011A8647A244}.Debug|x86.Build.0 = Debug|Win32
		{B0AADEB4-5933-47D4-8F7A-011A8647A244}.Release|x64.ActiveCfg = Release|x64
		{B0AADEB4-5933-47D4-8F7A-011A8647A244}.Release|x64.Build.0 = Release|x64
		{B0AADEB4-5933-47D4-8F7A-011A8647A244}.Release|x86.ActiveCfg = Release|Win32
		{B0AADEB4-5933-47D4-8F7A-011A8647A244}.Release|x86.Build.0 = Release|Win32
		{FA56C283-240F-49E5-B1D3-E1A5BBBFE962}.Debug|x64.ActiveCfg = Debug|x64
		{FA56C283-240F-49E5-B1D3-E1A5BBBFE962}.Debug|x64.Build.0 = Debug|x64
		{FA56C283-240F-49E5-B1D3-E1A5BBBFE962}.Debug|x86.ActiveCfg = Debug|Win32
		{FA56C283-240F-49E5-B1D3-E1A5BBBFE962}.Debug|x86.Build.0 = Debug|Win32
		{FA56C283-240F-49E5-B1D3-E1A5BBBFE962}.Release|x64.ActiveCfg = Release|x64
		{FA56C283-240F-49E5-B1D3-E1A5BBBFE962}.Release|x64.Build.0 = Release|x64
		{FA56C283-240F-49E5-B1D3-E1A5BBBFE962}.Release|x86.ActiveCfg = Release|Win32
		{FA56C283-240F-49E5-B1D3-E1A5BBBFE962}.Release|x86.Build.0 = Release|Win32
		{8649A18C-D3AF-488B-88DE-9AB704D02287}.Debug|x64.ActiveCfg = Debug|x64
		{8649A18C-D3AF-488B-88DE-9AB704D02287}.Debug|x64.Build.0 = Debug|x64
		{8649A18C-D3AF-488B-88DE-9AB704D02287}.Debug|x86.ActiveCfg = Debug|Win32
		{8649A18C-D3AF-488B-88DE-9AB704D02287}.Debug|x86.Build.0 = Debug|Win32
		{8649A18C-D3AF-488B-88DE-9AB704D02287}.Release|x64.ActiveCfg = Release|x64
		{8649A18C-D3AF-488B-88DE-9AB704D02287}.Release|x64.Build.0 = Release|x64
		{8649A18C-D3AF-488B-88DE-9AB704D02287}.Release|x86.ActiveCfg = Release|Win32
		{8649A18C-D3AF-488B-88DE-9AB704D02287}.Release|x86.Build.0 = Release|Win32
		{20494B04-DA68-4924-869C-E02988A53D15}.Debug|x64.ActiveCfg = Debug|x64
		{20494B04-DA68-4924-869C-E02988A53D15}.Debug|x64.Build.0 = Debug|x64
		{20494B04-DA68-4924-869C-E02988A53D15}.Debug|x86.ActiveCfg = Debug|Win32
		{20494B04-DA68-4924-869C-E02988A53D15}.Debug|x86.Build.0 = Debug|Win32
		{20494B04-DA68-4924-869C-E02988A53D15}.Release|x64.ActiveCfg = Release|x64
		{20494B04-DA68-4924-869C-E02988A53D15}.Release|x64.Build.0 = Release|x64
		{20494B04-DA68-4924-869C-E02988A53D15}.Release|x86.ActiveCfg = Release|Win32
		{20494B04-DA68-4924-869C-E02988A53D15}.Release|x86.Build.0 = Release|Win32
		{5EE77A9F-D9E7-4742-B09B-DAAA5FAD379D}.Debug|x64.ActiveCfg = Debug|x64
		{5EE77A9F-D9E7-4742-B09B-DAAA5FAD379D}.Debug|x64.Build.0 = Debug|x64
		{5EE77A9F-D9E7-4742-B09B-DAAA5FAD379D}.Debug|x86.ActiveCfg = Debug|Win32
		{5EE77A9F-D9E7-4742-B09B-DAAA5FAD379D}.Debug|x86.Build.0 = Debug|Win32
		{5EE77A9F-D9E7-4742-B09B-DAAA5FAD379D}.Release|x64.ActiveCfg = Release|x64
		{5EE77A9F-D9E7-4742-B09B-DAAA5FAD379D}.Release|x64.Build.0 = Release|x64
		{5EE77A9F-D9E7-4742-B09B-DAAA5FAD379D}.Release|x86.ActiveCfg = Release|Win32
		{5EE77A9F-D9E7-4742-B09B-DAAA5FAD379D}.Release|x86.Build.0 = Release|Win32
		{91178FA7-7292-4CE6-BA70-05758115FCB2}.Debug|x64.ActiveCfg = Debug|x64
		{91178FA7-7292-4CE6-BA70-05758115FCB2}.Debug|x64.Build.0 = Debug|x64
		{91178FA7-7292-4CE6-BA70-05758115FCB2}.Debug|x86.ActiveCfg = Debug|Win32
		{91178FA7-7292-4CE6-BA70-05758115FCB2}.Debug|x86.Build.0 = Debug|Win32
		{91178FA7-7292-4CE6-BA70-05758115FCB2}.Release|x64.ActiveCfg = Release|x64
		{91178FA7-7292-4CE6-BA70-05758115FCB2}.Release|x64.Build.0 = Release|x64
		{91178FA7-7292-4CE6-BA70-05758115FCB2}.Release|x86.ActiveCfg = Release|Win32
		{91178FA7-7292-4CE6-BA70-05758115FCB2}.Release|x86.Build.0 = Release|Win32
		{36834710-56C2-41A0-800D-E62B51A7283B}.Debug|x64.ActiveCfg = Debug|x64
		{36834710-56C2-41A0-800D-E62B51A7283B}.Debug|x64.Build.0 = Debug|x64
		{36834710-56C2-41A0-800D-E62B51A7283B}.Debug|x86.ActiveCfg = Debug|Win32
		{36834710-56C2-41A0-800D-E62B51A7283B}.Debug|x86.Build.0 = Debug|Win32
		{36834710-56C2-41A0-800D-E62B51A7283B}.Release|x64.ActiveCfg = Release|x64
		{36834710-56C2-41A0-800D-E62B51A7283B}.Release|x64.Build.0 = Release|x64
		{36834710-56C2-41A0-800D-E62B51A7283B}.Release|x86.ActiveCfg = Release|Win32
		{36834710-56C2-41A0-800D-E62B51A7283B}.Release|x86.Build.0 = Release|Win32
		{C81A6F01-998D-495D-BE52-EB9A6F5EFF69}.Debug|x64.ActiveCfg = Debug|x64
		{C81A6F01-998D-495D-BE52-EB9A6F5EFF69}.Debug|x64.Build.0 = Debug|x64
		{C81A6F01-998D-495D-BE52-EB9A6F5EFF69}.Debug|x86.ActiveCfg = Debug|Win32
		{C81A6F01-998D-495D-BE52-EB9A6F5EFF69}.Debug|x86.Build.0 = Debug|Win32
		{C81A6F01-998D-495D-BE52-EB9A6F5EFF69}.Release|x64.ActiveCfg = Release|x64
		{C81A6F01-998D-495D-BE52-EB9A6F5EFF69}.Release|x64.Build.0 = Release|x64
		{C81A6F01-998D-495D-BE52-EB9A6F5EFF69}.Release|x86.ActiveCfg = Release|Win32
		{C81A6F01-998D-495D-BE52-EB9A6F5EFF69}.Release|x86.Build.0 = Release|Win32
		{95B2F847-27C5-4B78-8FFB-6FC89383000F}.Debug|x64.ActiveCfg = Debug|x64
		{95B2F847-27C5-4B78-8FFB-6FC89383000F}.Debug|x64.Build.0 = Debug|x64
		{95B2F847-27C5-4B78-8FFB-6FC89383000F}.Debug|x86.ActiveCfg = Debug|Win32
		{95B2F847-27C5-4B78-8FFB-6FC89383000F}.Debug|x86.Build.0 = Debug|Win32
		{95B2F847-27C5-4B78-8FFB-6FC89383000F}.Release|x64.ActiveCfg = Release|x64
		{95B2F847-27C5-4B78-8FFB-6FC89383000F}.Release|x64.Build.0 = Release|x64
		{95B2F847-27C5-4B78-8FFB-6FC89383000F}.Release|x86.ActiveCfg = Release|Win32
		{95B2F847-27C5-4B78-8FFB-6FC89383000F}.Release|x86.Build.0 = Release|Win32
		{4913DECE-FDDA-4C94-9D27-F69329CE25E4}.Debug|x64.ActiveCfg = Debug|x64
		{4913DECE-FDDA-4C94-9D27-F69329CE25E4}.Debug|x64.Build.0 = Debug|x64
		{4913DECE-FDDA-4C94-9D27-F69329CE25E4}.Debug|x86.ActiveCfg = Debug|Win32
		{4913DECE-FDDA-4C94-9D27-F69329CE25E4}.Debug|x86.Build.0 = Debug|Win32
		{4913DECE-FDDA-4C94-9D27-F69329CE25E4}.Release|x64.ActiveCfg = Release|x64
		{4913DECE-FDDA-4C94-9D27-F69329CE25E4}.Release|x64.Build.0 = Release|x64
		{4913DECE-FDDA-4C94-9D27-F69329CE25E4}.Release|x86.ActiveCfg = Release|Win32
		{4913DECE-FDDA-4C94-9D27-F69329CE25E4}.Release|x86.Build.0 = Release|Win32
		{6E034C90-9DE3-4C84-ADD6-130DA885AFCB}.Debug|x64.ActiveCfg = Debug|x64
		{6E034C90-9DE3-4C84-ADD6-130DA885AFCB}.Debug|x64.Build.0 = Debug|x64
		{6E034C90-9DE3-4C84-ADD6-130DA885AFCB}.Debug|x86.ActiveCfg = Debug|Win32
		{6E034C90-9DE3-4C84-ADD6-130DA885AFCB}.Debug|x86.Build.0 = Debug|Win32
		{6E034C90-9DE3-4C84-ADD6-130DA885AFCB}.Release|x64.ActiveCfg = Release|x64
		{6E034C90-9DE3-4C84-ADD6-130DA885AFCB}.Release|x64.Build.0 = Release|x64
		{6E034C90-9DE3-4C84-ADD6-130DA885AFCB}.Release|x86.ActiveCfg = Release|Win32
		{6E034C90-9DE3-4C84-ADD6-130DA885AFCB}.Release|x86.Build.0 = Release|Win32
		{E3784C87-AA3B-45F4-8F90-EB7FF48FEDD9}.Debug|x64.ActiveCfg = Debug|x64
		{E3784C87-AA3B-45F4-8F90-EB7FF48FEDD9}.Debug|x64.Build.0 = Debug|x64
		{E3784C87-AA3B-45F4-8F90-EB7FF48FEDD9}.Debug|x86.ActiveCfg = Debug|Win32
		{E3784C87-AA3B-45F4-8F90-EB7FF48FEDD9}.Debug|x86.Build.0 = Debug|Win32
		{E3784C87-AA3B-45F4-8F90-EB7FF48FEDD9}.Release|x64.ActiveCfg = Release|x64
		{E3784C87-AA3B-45F4-8F90-EB7FF48FEDD9}.Release|x64.Build.0 = Release|x64
		{E3784C87-AA3B-45F4-8F90-EB7FF48FEDD9}.Release|x86.ActiveCfg = Release|Win32
		{E3784C87-AA3B-45F4-8F90-EB7FF48FEDD9}.Release|x86.Build.0 = Release|Win32
		{A167B0C6-00B9-4099-90AA-3C094BEE49C3}.Debug|x64.ActiveCfg = Debug|x64
		{A167B0C6-00B9-4099-90AA-3C094BEE49C3}.Debug|x64.Build.0 = Debug|x64
		{A167B0C6-00B9-4099-90AA-3C094BEE49C3}.Debug|x86.ActiveCfg = Debug|Win32
		{A167B0C6-00B9-4099-90AA-3C094BEE49C3}.Debug|x86.Build.0 = Debug|Win32
		{A167B0C6-00B9-4099-90AA-3C094BEE49C3}.Release|x64.ActiveCfg = Release|x64
		{A167B0C6-00B9-4099-90AA-3C094BEE49C3}.Release|x64.Build.0 = Release|x64
		{A167B0C6-00B9-4099-90AA-3C094BEE49C3}.Release|x86.ActiveCfg = Release|Win32
		{A167B0C6-00B9-4099-90AA-3C094BEE49C3}.Release|x86.Build.0 = Release|Win32
		{6705894E-AFCA-4FB4-AA0E-F0F0FF794707}.Debug|x64.ActiveCfg = Debug|x64
		{6705894E-AFCA-4FB4-AA0E-F0F0FF794707}.Debug|x64.Build.0 = Debug|x64
		{6705894E-AFCA-4FB4-AA0E-F0F0FF794707}.Debug|x86.ActiveCfg = Debug|Win32
		{6705894E-AFCA-4FB4-AA0E-F0F0FF794707}.Debug|x86.Build.0 = Debug|Win32
		{6705894E-AFCA-4FB4-AA0E-F0F0FF794707}.Release|x64.ActiveCfg = Release|x64
		{6705894E-AFCA-4FB4-AA0E-F0F0FF794707}.Release|x64.Build.0 = Release|x64
		{6705894E-AFCA-4FB4-AA0E-F0F0FF794707}.Release|x86.ActiveCfg = Release|Win32
		{6705894E-AFCA-4FB4-AA0E-F0F0FF794707}.Release|x86.Build.0 = Release|Win32
		{6EEC5D5D-C320-4E27-93D2-65504DF25989}.Debug|x64.ActiveCfg = Debug|x64
		{6EEC5D5D-C320-4E27-93D2-65504DF25989}.Debug|x64.Build.0 = Debug|x64
		{6EEC5D5D-C320-4E27-93D2-65504DF25989}.Debug|x86.ActiveCfg = Debug|Win32
		{6EEC5D5D-C320-4E27-93D2-65504DF25989}.Debug|x86.Build.0 = Debug|Win32
		{6EEC5D5D-C320-4E27-93D2-65504DF25989}.Release|x64.ActiveCfg = Release|x64
		{6EEC5D5D-C320-4E27-93D2-65504DF25989}.Release|x64.Build.0 = Release|x64
		{6EEC5D5D-C320-4E27-93D2-65504DF25989}.Release|x86.ActiveCfg = Release|Win32
		{6EEC5D5D-C320-4E27-93D2-65504DF25989}.Release|x86.Build.0 = Release|Win32
		{89C5332A-E727-4871-92E6-91D8F3F83A8B}.Debug|x64.ActiveCfg = Debug|x64
		{89C5332A-E727-4871-92E6-91D8F3F83A8B}.Debug|x64.Build.0 = Debug|x64
		{89C5332A-E727-4871-92E6-91D8F3F83A8B}.Debug|x86.ActiveCfg = Debug|Win32
		{89C5332A-E727-4871-92E6-91D8F3F83A8B}.Debug|x86.Build.0 = Debug|Win32
		{89C5332A-E727-4871-92E6-91D8F3F83A8B}.Release|x64.ActiveCfg = Release|x64
		{89C5332A-E727-4871-92E6-91D8F3F83A8B}.Release|x64.Build.0 = Release|x64
		{89C5332A-E727-4871-92E6-91D8F3F83A8B}.Release|x86.ActiveCfg = Release|Win32
		{89C5332A-E727-4871-92E6-91D8F3F83A8B}.Release|x86.Build.0 = Release|Win32
		{02404BAC-F0BE-4448-B773-85367225475F}.Debug|x64.ActiveCfg = Debug|x64
		{02404BAC-F0BE-4448-B773-85367225475F}.Debug|x64.Build.0 = Debug|x64
		{02404BAC-F0BE-4448-B773-85367225475F}.Debug|x86.ActiveCfg = Debug|Win32
		{02404BAC-F0BE-4448-B773-85367225475F}.Debug|x86.Build.0 = Debug|Win32
		{02404BAC-F0BE-4448-B773-85367225475F}.Release|x64.ActiveCfg = Release|x64
		{02404BAC-F0BE-4448-B773-85367225475F}.Release|x64.Build.0 = Release|x64
		{02404BAC-F0BE-4448-B773-85367225475F}.Release|x86.ActiveCfg = Release|Win32
		{02404BAC-F0BE-4448-B773-85367225475F}.Release|x86.Build.0 = Release|Win32
		{6162DBD6-B489-48BE-B74E-91C92B38085E}.Debug|x64.ActiveCfg = Debug|x64
		{6162DBD6-B489-48BE-B74E-91C92B38085E}.Debug|x64.Build.0 = Debug|x64
		{6162DBD6-B489-48BE-B74E-91C92B38085E}.Debug|x86.ActiveCfg = Debug|Win32
		{6162DBD6-B489-48BE-B74E-91C92B38085E}.Debug|x86.Build.0 = Debug|Win32
		{6162DBD6-B489-48BE-B74E-91C92B38085E}.Release|x64.ActiveCfg = Release|x64
		{6162DBD6-B489-48BE-B74E-91C92B38085E}.Release|x64.Build.0 = Release|x64
		{6162DBD6-B489-48BE-B74E-91C92B38085E}.Release|x86.ActiveCfg = Release|Win32
		{6162DBD6-B489-48BE-B74E-91C92B38085E}.Release|x86.Build.0 = Release|Win32
		{7292C9F8-A346-413E-AE48-676074FA4C68}.Debug|x64.ActiveCfg = Debug|x64
		{7292C9F8-A346-413E-AE48-676074FA4C68}.Debug|x64.Build.0 = Debug|x64
		{7292C9F8-A346-413E-AE48-676074FA4C68}.Debug|x86.ActiveCfg = Debug|Win32
		{7292C9F8-A346-413E-AE48-676074FA4C68}.Debug|x86.Build.0 = Debug|Win32
		{7292C9F8-A346-413E-AE48-676074FA4C68}.Release|x64.ActiveCfg = Release|x64
		{7292C9F8-A346-413E-AE48-676074FA4C68}.Release|x64.Build.0 = Release|x64
		{7292C9F8-A346-413E-AE48-676074FA4C68}.Release|x86.ActiveCfg = Release|Win32
		{7292C9F8-A346-413E-AE48-676074FA4C68}.Release|x86.Build.0 = Release|Win32
		{0CEF57A1-AFBB-48B6-8AD6-2E127B559DED}.Debug|x64.ActiveCfg = Debug|x64
		{0CEF57A1-AFBB-48B6-8AD6-2E127B559DED}.Debug|x64.Build.0 = Debug|x64
		{0CEF57A1-AFBB-48B6-8AD6-2E127B559DED}.Debug|x86.ActiveCfg = Debug|Win32
		{0CEF57A1-AFBB-48B6-8AD6-2E127B559DED}.Debug|x86.Build.0 = Debug|Win32
		{0CEF57A1-AFBB-48B6-8AD6-2E127B559DED}.Release|x64.ActiveCfg = Release|x64
		{0CEF57A1-AFBB-48B6-8AD6-2E127B559DED}.Release|x64.Build.0 = Release|x64
		{0CEF57A1-AFBB-48B6-8AD6-2E127B559DED}.Release|x86.ActiveCfg = Release|Win32
		{0CEF57A1-AFBB-48B6-8AD6-2E127B559DED}.Release|x86.Build.0 = Release|Win32
		{1458F907-18BA-4985-9ABF-B832B8564474}.Debug|x64.ActiveCfg = Debug|x64
		{1458F907-18BA-4985-9ABF-B832B8564474}.Debug|x64.Build.0 = Debug|x64
		{1458F907-18BA-4985-9ABF-B832B8564474}.Debug|x86.ActiveCfg = Debug|Win32
		{1458F907-18BA-4985-9ABF-B832B8564474}.Debug|x86.Build.0 = Debug|Win32
		{1458F907-18BA-4985-9ABF-B832B8564474}.Release|x64.ActiveCfg = Release|x64
		{1458F907-18BA-4985-9ABF-B832B8564474}.Release|x64.Build.0 = Release|x64
		{1458F907-18BA-4985-9ABF-B832B8564474}.Release|x86.ActiveCfg = Release|Win32
		{1458F907-18BA-4985-9ABF-B832B8564474}.Release|x86.Build.0 = Release|Win32
		{4997EF7B-3D28-4DD5-BAFB-485F12BA9F34}.Debug|x64.ActiveCfg = Debug|x64
		{4997EF7B-3D28-4DD5-BAFB-485F12BA9F34}.Debug|x64.Build.0 = Debug|x64
		{4997EF7B-3D28-4DD5-BAFB-485F12BA9F34}.Debug|x86.ActiveCfg = Debug|Win32
		{4997EF7B-3D28-4DD5-BAFB-485F12BA9F34}.Debug|x86.Build.0 = Debug|Win32
		{4997EF7B-3D28-4DD5-BAFB-485F12BA9F34}.Release|x64.ActiveCfg = Release|x64
		{4997EF7B-3D28-4DD5-BAFB-485F12BA9F34}.Release|x64.Build.0 = Release|x64
		{4997EF7B-3D28-4DD5-BAFB-485F12BA9F34}.Release|x86.ActiveCfg = Release|Win32
		{4997EF7B-3D28-4DD5-BAFB-485F12BA9F34}.Release|x86.Build.0 = Release|Win32
		{459C30BE-F8A9-4A70-86F5-FC3704140384}.Debug|x64.ActiveCfg = Debug|x64
		{459C30BE-F8A9-4A70-86F5-FC3704140384}.Debug|x64.Build.0 = Debug|x64
		{459C30BE-F8A9-4A70-86F5-FC3704140384}.Debug|x86.ActiveCfg = Debug|Win32
		{459C30BE-F8A9-4A70-86F5-FC3704140384}.Debug|x86.Build.0 = Debug|Win32
		{459C30BE-F8A9-4A70-86F5-FC3704140384}.Release|x64.ActiveCfg = Release|x64
		{459C30BE-F8A9-4A70-86F5-FC3704140384}.Release|x64.Build.0 = Release|x64
		{459C30BE-F8A9-4A70-86F5-FC3704140384}.Release|x86.ActiveCfg = Release|Win32
		{459C30BE-F8A9-4A70-86F5-FC3704140384}.Release|x86.Build.0 = Release|Win32
		{71726C65-041A-4311-92D6-4D68B29E5FBF}.Debug|x64.ActiveCfg = Debug|x64
		{71726C65-041A-4311-92D6-4D68B29E5FBF}.Debug|x64.Build.0 = Debug|x64
		{71726C65-041A-4311-92D6-4D68B29E5FBF}.Debug|x86.ActiveCfg = Debug|Win32
		{71726C65-041A-4311-92D6-4D68B29E5FBF}.Debug|x86.Build.0 = Debug|Win32
		{71726C65-041A-4311-92D6-4D68B29E5FBF}.Release|x64.ActiveCfg = Release|x64
		{71726C65-041A-4311-92D6-4D68B29E5FBF}.Release|x64.Build.0 = Release|x64
		{71726C65-041A-4311-92D6-4D68B29E5FBF}.Release|x86.ActiveCfg = Release|Win32
		{71726C65-041A-4311-92D6-4D68B29E5FBF}.Release|x86.Build.0 = Release|Win32
	EndGlobalSection
	GlobalSection(SolutionProperties) = preSolution
		HideSolutionNode = FALSE
	EndGlobalSection
	GlobalSection(NestedProjects) = preSolution
		{F897126B-3030-46EA-9916-A54AC15D2D48} = {EF00EBA2-07A1-452C-8F73-6A44BE7A3932}
		{5CC185C2-0292-49AA-A5A7-55F6A86D94A0} = {EF00EBA2-07A1-452C-8F73-6A44BE7A3932}
		{14B6308C-05A5-4AF1-9E10-E67080F1B55D} = {EF00EBA2-07A1-452C-8F73-6A44BE7A3932}
		{7979EB0D-DBC7-4466-AF91-0BC658CF4CF1} = {EF00EBA2-07A1-452C-8F73-6A44BE7A3932}
		{8B6E9AB7-2D03-4F27-B339-1B28CE7FD735} = {E1745115-4804-4485-BB19-15E8413A316E}
		{4424F2DF-B32C-4521-87A8-7A16A0799C04} = {E1745115-4804-4485-BB19-15E8413A316E}
		{F0764FE8-5878-4D89-A9FA-CABB0B6984F9} = {F0216152-CA99-4706-9DE4-B49A2C870D06}
		{5E941C40-6A35-4CE1-A808-1B7EED7512B6} = {E1745115-4804-4485-BB19-15E8413A316E}
		{C0671B24-C91D-4854-9747-CD7956904C27} = {E1745115-4804-4485-BB19-15E8413A316E}
		{07C6C025-BE99-4290-A4C3-A6249F3B00F2} = {E1745115-4804-4485-BB19-15E8413A316E}
		{67058B82-0DE2-4116-910A-C66F3786E234} = {EF00EBA2-07A1-452C-8F73-6A44BE7A3932}
		{A1DFF102-43E8-49D1-B87E-90372EF2C170} = {EF00EBA2-07A1-452C-8F73-6A44BE7A3932}
		{596C7407-F735-4B47-894A-792B133DB536} = {EF00EBA2-07A1-452C-8F73-6A44BE7A3932}
		{3862C7A0-7ECB-4CFD-8A91-66F6312ACDBC} = {EF00EBA2-07A1-452C-8F73-6A44BE7A3932}
		{C507D795-2623-4E8B-ACA4-1C613BF45442} = {A9D7CEB7-29A0-4EF6-96A1-735D8461E1F1}
		{34AB8BF3-C0C0-4201-9EF5-B0D70A6D218F} = {A9D7CEB7-29A0-4EF6-96A1-735D8461E1F1}
		{89654C3D-AC3F-4B8F-AA40-9E623E6A0724} = {A9D7CEB7-29A0-4EF6-96A1-735D8461E1F1}
		{34768893-F6FD-4606-B5C9-0D839E9DE33E} = {A9D7CEB7-29A0-4EF6-96A1-735D8461E1F1}
		{CF721197-E45B-4E95-A004-66A34235D3F4} = {A9D7CEB7-29A0-4EF6-96A1-735D8461E1F1}
		{0EFA5FAA-CBE4-42D1-AAF7-A926A62D9CCD} = {A9D7CEB7-29A0-4EF6-96A1-735D8461E1F1}
		{B9BB066E-32EA-4224-A825-0C90BABF08D7} = {A9D7CEB7-29A0-4EF6-96A1-735D8461E1F1}
		{2A62CBC4-39A2-4217-B6AE-69C9A4C27BFF} = {8D25F3E4-B469-4EEF-842B-F511E49687F9}
		{3109004E-7260-4CFE-AEF8-2CFE55619279} = {8D25F3E4-B469-4EEF-842B-F511E49687F9}
		{A599FED8-A333-46B4-BB49-67DB1D2ADE0D} = {8D25F3E4-B469-4EEF-842B-F511E49687F9}
		{B0B22063-E2F8-400C-8A0A-2CC6E015A417} = {8D25F3E4-B469-4EEF-842B-F511E49687F9}
		{29DA90B3-7DF6-41D2-8FCA-5D480FD3380B} = {8D25F3E4-B469-4EEF-842B-F511E49687F9}
		{5A0B7DD5-061D-4468-BD87-DF8503BB1B97} = {8D25F3E4-B469-4EEF-842B-F511E49687F9}
		{43442D44-C7B8-4BEE-A440-57250760B0DC} = {8D25F3E4-B469-4EEF-842B-F511E49687F9}
		{BDA3D80C-FBFF-4FEE-83B3-B34E185F76E6} = {8D25F3E4-B469-4EEF-842B-F511E49687F9}
		{79783052-95B7-418E-A171-237575218674} = {8D25F3E4-B469-4EEF-842B-F511E49687F9}
		{6DD97F73-A51E-4CA5-B676-0211A7EE641D} = {8D25F3E4-B469-4EEF-842B-F511E49687F9}
		{E65E31EC-DCE5-4AD3-8098-63D1CB6E7E9D} = {8D25F3E4-B469-4EEF-842B-F511E49687F9}
		{82C37EB2-E0A5-44D7-BCF2-9EBEC125F3DA} = {8D25F3E4-B469-4EEF-842B-F511E49687F9}
		{E1745115-4804-4485-BB19-15E8413A316E} = {01DE9956-5576-4748-B1CC-8009E323C412}
		{F0216152-CA99-4706-9DE4-B49A2C870D06} = {01DE9956-5576-4748-B1CC-8009E323C412}
		{A9D7CEB7-29A0-4EF6-96A1-735D8461E1F1} = {01DE9956-5576-4748-B1CC-8009E323C412}
		{8D25F3E4-B469-4EEF-842B-F511E49687F9} = {01DE9956-5576-4748-B1CC-8009E323C412}
		{489DDA0A-18B1-4447-AD71-E749E15C93F5} = {EF00EBA2-07A1-452C-8F73-6A44BE7A3932}
		{33BFB7A0-A8D6-4A1D-B1EE-58922A472131} = {EF00EBA2-07A1-452C-8F73-6A44BE7A3932}
		{7EA03288-8321-4365-B01A-1240C32E7C21} = {01DE9956-5576-4748-B1CC-8009E323C412}
		{D50D4986-D311-4850-A61D-49A41837AA02} = {7EA03288-8321-4365-B01A-1240C32E7C21}
		{68B417D5-F836-48B8-999A-FB1D70B2B096} = {7EA03288-8321-4365-B01A-1240C32E7C21}
		{4C611CFC-DF52-4978-9E32-E548A9FF95D1} = {7EA03288-8321-4365-B01A-1240C32E7C21}
		{9E4426ED-15D3-46F0-ACF9-163B1C3A8827} = {7EA03288-8321-4365-B01A-1240C32E7C21}
		{46FA2505-E58C-4056-9402-B8EC1628CEBC} = {7EA03288-8321-4365-B01A-1240C32E7C21}
		{21BCC704-9AD6-4295-A71B-CDBD5887798E} = {7EA03288-8321-4365-B01A-1240C32E7C21}
		{2E72F88C-B0B9-4744-956A-6122F42D68DC} = {7EA03288-8321-4365-B01A-1240C32E7C21}
		{FECB704B-7904-4060-963F-5A1515E159F6} = {7EA03288-8321-4365-B01A-1240C32E7C21}
		{95A14E68-D54D-4C01-8C43-D357569C16C0} = {7EA03288-8321-4365-B01A-1240C32E7C21}
		{A85A93CA-04CB-4F30-A298-12ADDDE4897A} = {EF00EBA2-07A1-452C-8F73-6A44BE7A3932}
		{20127601-5DFE-4CBC-8E86-40BA93AC08E5} = {EF00EBA2-07A1-452C-8F73-6A44BE7A3932}
		{41132394-A09D-405F-BC91-4B4DB5E35CEA} = {EF00EBA2-07A1-452C-8F73-6A44BE7A3932}
		{E351EDD6-0C5B-4B52-9430-D7AA3F916618} = {01DE9956-5576-4748-B1CC-8009E323C412}
		{BBA79FC4-7DF4-474D-B327-2B76D92AA337} = {E351EDD6-0C5B-4B52-9430-D7AA3F916618}
		{5F76DE42-4FD8-41E2-960E-EF6C19AC275B} = {E351EDD6-0C5B-4B52-9430-D7AA3F916618}
		{ED51ADF5-2811-4EA9-81A6-7E2C38A14880} = {E351EDD6-0C5B-4B52-9430-D7AA3F916618}
		{1C05EC86-A71B-4FDF-95C3-4A58859C2FC4} = {EF00EBA2-07A1-452C-8F73-6A44BE7A3932}
		{51EE4F6B-2A31-40FF-ACA7-FE96FE916B4D} = {EF00EBA2-07A1-452C-8F73-6A44BE7A3932}
		{B0AADEB4-5933-47D4-8F7A-011A8647A244} = {EF00EBA2-07A1-452C-8F73-6A44BE7A3932}
		{F7FA9A4A-0B5F-431F-9415-A34614A9A221} = {01DE9956-5576-4748-B1CC-8009E323C412}
		{FA56C283-240F-49E5-B1D3-E1A5BBBFE962} = {F7FA9A4A-0B5F-431F-9415-A34614A9A221}
		{8649A18C-D3AF-488B-88DE-9AB704D02287} = {F7FA9A4A-0B5F-431F-9415-A34614A9A221}
		{20494B04-DA68-4924-869C-E02988A53D15} = {F7FA9A4A-0B5F-431F-9415-A34614A9A221}
		{5EE77A9F-D9E7-4742-B09B-DAAA5FAD379D} = {F7FA9A4A-0B5F-431F-9415-A34614A9A221}
		{91178FA7-7292-4CE6-BA70-05758115FCB2} = {F7FA9A4A-0B5F-431F-9415-A34614A9A221}
		{C81A6F01-998D-495D-BE52-EB9A6F5EFF69} = {EF00EBA2-07A1-452C-8F73-6A44BE7A3932}
		{95B2F847-27C5-4B78-8FFB-6FC89383000F} = {EF00EBA2-07A1-452C-8F73-6A44BE7A3932}
		{4913DECE-FDDA-4C94-9D27-F69329CE25E4} = {EF00EBA2-07A1-452C-8F73-6A44BE7A3932}
		{24C5E38F-EC76-4A57-90A6-F38045CB8C5A} = {01DE9956-5576-4748-B1CC-8009E323C412}
		{6E034C90-9DE3-4C84-ADD6-130DA885AFCB} = {24C5E38F-EC76-4A57-90A6-F38045CB8C5A}
		{E3784C87-AA3B-45F4-8F90-EB7FF48FEDD9} = {24C5E38F-EC76-4A57-90A6-F38045CB8C5A}
		{A167B0C6-00B9-4099-90AA-3C094BEE49C3} = {24C5E38F-EC76-4A57-90A6-F38045CB8C5A}
		{6705894E-AFCA-4FB4-AA0E-F0F0FF794707} = {EF00EBA2-07A1-452C-8F73-6A44BE7A3932}
		{6EEC5D5D-C320-4E27-93D2-65504DF25989} = {EF00EBA2-07A1-452C-8F73-6A44BE7A3932}
		{89C5332A-E727-4871-92E6-91D8F3F83A8B} = {24C5E38F-EC76-4A57-90A6-F38045CB8C5A}
		{02404BAC-F0BE-4448-B773-85367225475F} = {24C5E38F-EC76-4A57-90A6-F38045CB8C5A}
		{6162DBD6-B489-48BE-B74E-91C92B38085E} = {EF00EBA2-07A1-452C-8F73-6A44BE7A3932}
		{7292C9F8-A346-413E-AE48-676074FA4C68} = {EF00EBA2-07A1-452C-8F73-6A44BE7A3932}
		{0CEF57A1-AFBB-48B6-8AD6-2E127B559DED} = {EF00EBA2-07A1-452C-8F73-6A44BE7A3932}
		{1458F907-18BA-4985-9ABF-B832B8564474} = {EF00EBA2-07A1-452C-8F73-6A44BE7A3932}
		{4997EF7B-3D28-4DD5-BAFB-485F12BA9F34} = {EF00EBA2-07A1-452C-8F73-6A44BE7A3932}
		{459C30BE-F8A9-4A70-86F5-FC3704140384} = {EF00EBA2-07A1-452C-8F73-6A44BE7A3932}
		{71726C65-041A-4311-92D6-4D68B29E5FBF} = {EF00EBA2-07A1-452C-8F73-6A44BE7A3932}
	EndGlobalSection
	GlobalSection(ExtensibilityGlobals) = postSolution
		SolutionGuid = {BCBF8152-FDCE-4E59-9EA1-B892F684158D}
	EndGlobalSection
EndGlobal
